<?xml version="1.0" encoding="utf-8"?>
<Project ToolsVersion="4.0" xmlns="http://schemas.microsoft.com/developer/msbuild/2003">
  <ItemGroup>
    <CudaCompile Include="..\..\..\src\caffe\layers\concat_layer.cu" />
    <CudaCompile Include="..\..\..\src\caffe\layers\conv_layer.cu" />
    <CudaCompile Include="..\..\..\src\caffe\layers\data_layer.cu" />
    <CudaCompile Include="..\..\..\src\caffe\layers\dropout_layer.cu" />
    <CudaCompile Include="..\..\..\src\caffe\layers\eltwise_layer.cu" />
    <CudaCompile Include="..\..\..\src\caffe\layers\flatten_layer.cu" />
    <CudaCompile Include="..\..\..\src\caffe\layers\hdf5_data_layer.cu" />
    <CudaCompile Include="..\..\..\src\caffe\layers\hdf5_output_layer.cu" />
    <CudaCompile Include="..\..\..\src\caffe\util\im2col.cu" />
    <CudaCompile Include="..\..\..\src\caffe\layers\im2col_layer.cu" />
    <CudaCompile Include="..\..\..\src\caffe\layers\image_data_layer.cu" />
    <CudaCompile Include="..\..\..\src\caffe\layers\inner_product_layer.cu" />
    <CudaCompile Include="..\..\..\src\caffe\layers\lrn_layer.cu" />
    <CudaCompile Include="..\..\..\src\caffe\util\math_functions.cu" />
    <CudaCompile Include="..\..\..\src\caffe\layers\pooling_layer.cu" />
    <CudaCompile Include="..\..\..\src\caffe\layers\power_layer.cu" />
    <CudaCompile Include="..\..\..\src\caffe\layers\relu_layer.cu" />
    <CudaCompile Include="..\..\..\src\caffe\layers\sigmoid_cross_entropy_loss_layer.cu" />
    <CudaCompile Include="..\..\..\src\caffe\layers\sigmoid_layer.cu" />
    <CudaCompile Include="..\..\..\src\caffe\layers\softmax_layer.cu" />
    <CudaCompile Include="..\..\..\src\caffe\layers\softmax_loss_layer.cu" />
    <CudaCompile Include="..\..\..\src\caffe\layers\split_layer.cu" />
    <CudaCompile Include="..\..\..\src\caffe\layers\tanh_layer.cu" />
    <CudaCompile Include="..\..\..\src\caffe\layers\threshold_layer.cu" />
    <CudaCompile Include="..\..\..\src\caffe\layers\window_data_layer.cu" />
    <CudaCompile Include="..\..\..\src\caffe\layers\bnll_layer.cu" />
  </ItemGroup>
</Project>