<?xml version="1.0" encoding="utf-8"?>
<Project ToolsVersion="4.0" xmlns="http://schemas.microsoft.com/developer/msbuild/2003">
  <ItemGroup>
    <CustomBuild Include="..\..\..\src\caffe\layers\bnll_layer.cu" />
    <CustomBuild Include="..\..\..\src\caffe\layers\concat_layer.cu" />
    <CustomBuild Include="..\..\..\src\caffe\layers\conv_layer.cu" />
    <CustomBuild Include="..\..\..\src\caffe\layers\data_layer.cu" />
    <CustomBuild Include="..\..\..\src\caffe\layers\dropout_layer.cu" />
    <CustomBuild Include="..\..\..\src\caffe\layers\eltwise_layer.cu" />
    <CustomBuild Include="..\..\..\src\caffe\layers\flatten_layer.cu" />
    <CustomBuild Include="..\..\..\src\caffe\layers\hdf5_data_layer.cu" />
    <CustomBuild Include="..\..\..\src\caffe\layers\hdf5_output_layer.cu" />
    <CustomBuild Include="..\..\..\src\caffe\layers\im2col_layer.cu" />
    <CustomBuild Include="..\..\..\src\caffe\layers\image_data_layer.cu" />
    <CustomBuild Include="..\..\..\src\caffe\layers\inner_product_layer.cu" />
    <CustomBuild Include="..\..\..\src\caffe\layers\lrn_layer.cu" />
    <CustomBuild Include="..\..\..\src\caffe\layers\pooling_layer.cu" />
    <CustomBuild Include="..\..\..\src\caffe\layers\power_layer.cu" />
    <CustomBuild Include="..\..\..\src\caffe\layers\relu_layer.cu" />
    <CustomBuild Include="..\..\..\src\caffe\layers\sigmoid_cross_entropy_loss_layer.cu" />
    <CustomBuild Include="..\..\..\src\caffe\layers\sigmoid_layer.cu" />
    <CustomBuild Include="..\..\..\src\caffe\layers\softmax_layer.cu" />
    <CustomBuild Include="..\..\..\src\caffe\layers\softmax_loss_layer.cu" />
    <CustomBuild Include="..\..\..\src\caffe\layers\split_layer.cu" />
    <CustomBuild Include="..\..\..\src\caffe\layers\tanh_layer.cu" />
    <CustomBuild Include="..\..\..\src\caffe\layers\threshold_layer.cu" />
    <CustomBuild Include="..\..\..\src\caffe\layers\window_data_layer.cu" />
    <CustomBuild Include="..\..\..\src\caffe\util\im2col.cu" />
    <CustomBuild Include="..\..\..\src\caffe\util\math_functions.cu" />
    <CustomBuild Include="..\..\..\src\caffe\CMakeLists.txt" />
  </ItemGroup>
  <ItemGroup>
    <Filter Include="Object Files">
      <UniqueIdentifier>{0f2e6b1d-ca81-4f41-bcdd-9ddf45cb542c}</UniqueIdentifier>
    </Filter>
  </ItemGroup>
  <ItemGroup>
    <Object Include="CMakeFiles\caffe_cu.dir\layers\Release\caffe_cu_generated_bnll_layer.cu.obj">
      <Filter>Object Files</Filter>
    </Object>
    <Object Include="CMakeFiles\caffe_cu.dir\layers\Release\caffe_cu_generated_concat_layer.cu.obj">
      <Filter>Object Files</Filter>
    </Object>
    <Object Include="CMakeFiles\caffe_cu.dir\layers\Release\caffe_cu_generated_conv_layer.cu.obj">
      <Filter>Object Files</Filter>
    </Object>
    <Object Include="CMakeFiles\caffe_cu.dir\layers\Release\caffe_cu_generated_data_layer.cu.obj">
      <Filter>Object Files</Filter>
    </Object>
    <Object Include="CMakeFiles\caffe_cu.dir\layers\Release\caffe_cu_generated_dropout_layer.cu.obj">
      <Filter>Object Files</Filter>
    </Object>
    <Object Include="CMakeFiles\caffe_cu.dir\layers\Release\caffe_cu_generated_eltwise_layer.cu.obj">
      <Filter>Object Files</Filter>
    </Object>
    <Object Include="CMakeFiles\caffe_cu.dir\layers\Release\caffe_cu_generated_flatten_layer.cu.obj">
      <Filter>Object Files</Filter>
    </Object>
    <Object Include="CMakeFiles\caffe_cu.dir\layers\Release\caffe_cu_generated_hdf5_data_layer.cu.obj">
      <Filter>Object Files</Filter>
    </Object>
    <Object Include="CMakeFiles\caffe_cu.dir\layers\Release\caffe_cu_generated_hdf5_output_layer.cu.obj">
      <Filter>Object Files</Filter>
    </Object>
    <Object Include="CMakeFiles\caffe_cu.dir\layers\Release\caffe_cu_generated_im2col_layer.cu.obj">
      <Filter>Object Files</Filter>
    </Object>
    <Object Include="CMakeFiles\caffe_cu.dir\layers\Release\caffe_cu_generated_image_data_layer.cu.obj">
      <Filter>Object Files</Filter>
    </Object>
    <Object Include="CMakeFiles\caffe_cu.dir\layers\Release\caffe_cu_generated_inner_product_layer.cu.obj">
      <Filter>Object Files</Filter>
    </Object>
    <Object Include="CMakeFiles\caffe_cu.dir\layers\Release\caffe_cu_generated_lrn_layer.cu.obj">
      <Filter>Object Files</Filter>
    </Object>
    <Object Include="CMakeFiles\caffe_cu.dir\layers\Release\caffe_cu_generated_pooling_layer.cu.obj">
      <Filter>Object Files</Filter>
    </Object>
    <Object Include="CMakeFiles\caffe_cu.dir\layers\Release\caffe_cu_generated_power_layer.cu.obj">
      <Filter>Object Files</Filter>
    </Object>
    <Object Include="CMakeFiles\caffe_cu.dir\layers\Release\caffe_cu_generated_relu_layer.cu.obj">
      <Filter>Object Files</Filter>
    </Object>
    <Object Include="CMakeFiles\caffe_cu.dir\layers\Release\caffe_cu_generated_sigmoid_cross_entropy_loss_layer.cu.obj">
      <Filter>Object Files</Filter>
    </Object>
    <Object Include="CMakeFiles\caffe_cu.dir\layers\Release\caffe_cu_generated_sigmoid_layer.cu.obj">
      <Filter>Object Files</Filter>
    </Object>
    <Object Include="CMakeFiles\caffe_cu.dir\layers\Release\caffe_cu_generated_softmax_layer.cu.obj">
      <Filter>Object Files</Filter>
    </Object>
    <Object Include="CMakeFiles\caffe_cu.dir\layers\Release\caffe_cu_generated_softmax_loss_layer.cu.obj">
      <Filter>Object Files</Filter>
    </Object>
    <Object Include="CMakeFiles\caffe_cu.dir\layers\Release\caffe_cu_generated_split_layer.cu.obj">
      <Filter>Object Files</Filter>
    </Object>
    <Object Include="CMakeFiles\caffe_cu.dir\layers\Release\caffe_cu_generated_tanh_layer.cu.obj">
      <Filter>Object Files</Filter>
    </Object>
    <Object Include="CMakeFiles\caffe_cu.dir\layers\Release\caffe_cu_generated_threshold_layer.cu.obj">
      <Filter>Object Files</Filter>
    </Object>
    <Object Include="CMakeFiles\caffe_cu.dir\layers\Release\caffe_cu_generated_window_data_layer.cu.obj">
      <Filter>Object Files</Filter>
    </Object>
    <Object Include="CMakeFiles\caffe_cu.dir\util\Release\caffe_cu_generated_im2col.cu.obj">
      <Filter>Object Files</Filter>
    </Object>
    <Object Include="CMakeFiles\caffe_cu.dir\util\Release\caffe_cu_generated_math_functions.cu.obj">
      <Filter>Object Files</Filter>
    </Object>
  </ItemGroup>
</Project>