Microsoft Visual Studio Solution File, Format Version 12.00
# Visual Studio 2012
Project("{8BC9CEB8-8B4A-11D0-8D11-00A0C91BC942}") = "ALL_BUILD", "ALL_BUILD.vcxproj", "{628F370E-6406-4304-8131-01C725686568}"
	ProjectSection(ProjectDependencies) = postProject
		{C5DB8213-FE82-48C3-AF44-15E63CCF5123} = {C5DB8213-FE82-48C3-AF44-15E63CCF5123}
		{39622DD5-8B87-42F8-B88F-CD4EF5871F7E} = {39622DD5-8B87-42F8-B88F-CD4EF5871F7E}
		{68900EB5-8992-466C-BCA0-5EDE8C1F1D64} = {68900EB5-8992-466C-BCA0-5EDE8C1F1D64}
		{BBD7A663-472B-4820-BE4F-1142BFD48C98} = {BBD7A663-472B-4820-BE4F-1142BFD48C98}
		{97FBDC2D-0DA5-4343-A149-19F6B7D4BEE6} = {97FBDC2D-0DA5-4343-A149-19F6B7D4BEE6}
		{483B2AC9-86E7-4D6D-AFB5-F883BCB560DA} = {483B2AC9-86E7-4D6D-AFB5-F883BCB560DA}
		{905B2F56-94C7-4C73-90FC-334AA3542FB1} = {905B2F56-94C7-4C73-90FC-334AA3542FB1}
		{A5766FD7-332E-4315-8D90-A15C6DC56D01} = {A5766FD7-332E-4315-8D90-A15C6DC56D01}
		{CE0CCA41-AA17-4F95-9AC0-9FDCE7A26897} = {CE0CCA41-AA17-4F95-9AC0-9FDCE7A26897}
		{CA07C967-84E3-4674-B827-AC83909AAB27} = {CA07C967-84E3-4674-B827-AC83909AAB27}
		{DF305AEE-1CB7-4733-935F-18B50ABAE3F5} = {DF305AEE-1CB7-4733-935F-18B50ABAE3F5}
		{53C7F9A9-D401-40D2-8210-84DA1F192615} = {53C7F9A9-D401-40D2-8210-84DA1F192615}
		{A548FD65-BAC8-4BA8-B861-397A52A5D03C} = {A548FD65-BAC8-4BA8-B861-397A52A5D03C}
		{F8DB86D0-FEF7-4B5F-ADED-44F6E41AE022} = {F8DB86D0-FEF7-4B5F-ADED-44F6E41AE022}
		{7B78A66D-1E15-472B-80E3-8D7E61498698} = {7B78A66D-1E15-472B-80E3-8D7E61498698}
		{F7A438CE-EC3C-4449-BA2B-CAEA42E9FC6F} = {F7A438CE-EC3C-4449-BA2B-CAEA42E9FC6F}
		{254F7AB3-9361-4433-A043-CCD6839C4461} = {254F7AB3-9361-4433-A043-CCD6839C4461}
		{EA45F7F4-B9DC-4DBB-89D8-462513262F36} = {EA45F7F4-B9DC-4DBB-89D8-462513262F36}
		{E749B933-C714-4F58-AA83-3E03767210A2} = {E749B933-C714-4F58-AA83-3E03767210A2}
		{7EF0E0EE-2C2D-4818-A4DA-F4DA41045516} = {7EF0E0EE-2C2D-4818-A4DA-F4DA41045516}
		{60FB7D3C-1F77-48B8-812A-7F8D7E92FA3B} = {60FB7D3C-1F77-48B8-812A-7F8D7E92FA3B}
		{B8001D22-93EB-4458-BBA6-A194943794F3} = {B8001D22-93EB-4458-BBA6-A194943794F3}
		{3DF18FD5-ED28-48F0-B1D4-1276C254FEA0} = {3DF18FD5-ED28-48F0-B1D4-1276C254FEA0}
		{0BF4C29C-C360-44EF-B3E7-341DA3EA6552} = {0BF4C29C-C360-44EF-B3E7-341DA3EA6552}
		{424CA919-616A-4534-8999-A0973FB7AB51} = {424CA919-616A-4534-8999-A0973FB7AB51}
		{3F4253FD-89E9-43BD-866A-B56AD4004D32} = {3F4253FD-89E9-43BD-866A-B56AD4004D32}
		{CF9F3DE8-51EF-4452-9598-ED6210262E88} = {CF9F3DE8-51EF-4452-9598-ED6210262E88}
		{87E2BFBE-21D8-4F1C-A4C3-B223CAEF5519} = {87E2BFBE-21D8-4F1C-A4C3-B223CAEF5519}
		{4A4F695F-FC90-4F4F-89D8-E385259899DE} = {4A4F695F-FC90-4F4F-89D8-E385259899DE}
		{F02E5DAE-7C30-4BB8-A063-8372AA8D52B6} = {F02E5DAE-7C30-4BB8-A063-8372AA8D52B6}
		{440CB031-27F6-4D47-BF35-732A46B11946} = {440CB031-27F6-4D47-BF35-732A46B11946}
		{C0D67A67-07B2-4ADE-9885-345060A4A4B6} = {C0D67A67-07B2-4ADE-9885-345060A4A4B6}
		{689F96D8-71E2-4F9E-A8FC-5ADDC04F54FB} = {689F96D8-71E2-4F9E-A8FC-5ADDC04F54FB}
		{240C5EAE-10A4-4302-B3C5-FD8A6CB1A55E} = {240C5EAE-10A4-4302-B3C5-FD8A6CB1A55E}
		{024ED06B-8794-4031-A2CC-B7827BE874A8} = {024ED06B-8794-4031-A2CC-B7827BE874A8}
		{39E7CCDE-C38A-4DBB-A0DB-3ED670C7F9D6} = {39E7CCDE-C38A-4DBB-A0DB-3ED670C7F9D6}
		{05C34DAE-9254-41EA-91BA-25D60A29FCFA} = {05C34DAE-9254-41EA-91BA-25D60A29FCFA}
		{54F162EE-9EDD-43B5-886D-472F9DC5F622} = {54F162EE-9EDD-43B5-886D-472F9DC5F622}
		{967C7335-9EDA-49A6-8814-91A969C73FDF} = {967C7335-9EDA-49A6-8814-91A969C73FDF}
		{E2442ADE-2077-4B01-BF4B-A64469E7AE26} = {E2442ADE-2077-4B01-BF4B-A64469E7AE26}
		{53B79BD3-8150-4E9A-8AF9-3623F9D2F703} = {53B79BD3-8150-4E9A-8AF9-3623F9D2F703}
		{AA961A78-58D9-4BEC-93DC-AEADD4C987E1} = {AA961A78-58D9-4BEC-93DC-AEADD4C987E1}
		{6F9E8EEC-ED38-4152-8CD7-BB876B6F8331} = {6F9E8EEC-ED38-4152-8CD7-BB876B6F8331}
		{681B162F-DA34-4800-9A0B-2E52A3E06433} = {681B162F-DA34-4800-9A0B-2E52A3E06433}
	EndProjectSection
EndProject
Project("{8BC9CEB8-8B4A-11D0-8D11-00A0C91BC942}") = "INSTALL", "INSTALL.vcxproj", "{1946834B-C998-45E7-91AD-6731809428AF}"
	ProjectSection(ProjectDependencies) = postProject
		{628F370E-6406-4304-8131-01C725686568} = {628F370E-6406-4304-8131-01C725686568}
	EndProjectSection
EndProject
Project("{8BC9CEB8-8B4A-11D0-8D11-00A0C91BC942}") = "RUN_TESTS", "RUN_TESTS.vcxproj", "{0188B8AC-7E97-4598-9F5D-D5D0585D5182}"
	ProjectSection(ProjectDependencies) = postProject
	EndProjectSection
EndProject
Project("{8BC9CEB8-8B4A-11D0-8D11-00A0C91BC942}") = "ZERO_CHECK", "..\..\ZERO_CHECK.vcxproj", "{CE015430-D4FD-4290-9EBD-4C488DB5CA5E}"
	ProjectSection(ProjectDependencies) = postProject
	EndProjectSection
EndProject
Project("{8BC9CEB8-8B4A-11D0-8D11-00A0C91BC942}") = "caffe", "caffe.vcxproj", "{C5DB8213-FE82-48C3-AF44-15E63CCF5123}"
	ProjectSection(ProjectDependencies) = postProject
		{CE015430-D4FD-4290-9EBD-4C488DB5CA5E} = {CE015430-D4FD-4290-9EBD-4C488DB5CA5E}
		{39622DD5-8B87-42F8-B88F-CD4EF5871F7E} = {39622DD5-8B87-42F8-B88F-CD4EF5871F7E}
		{68900EB5-8992-466C-BCA0-5EDE8C1F1D64} = {68900EB5-8992-466C-BCA0-5EDE8C1F1D64}
	EndProjectSection
EndProject
Project("{8BC9CEB8-8B4A-11D0-8D11-00A0C91BC942}") = "caffe_cu", "caffe_cu.vcxproj", "{39622DD5-8B87-42F8-B88F-CD4EF5871F7E}"
	ProjectSection(ProjectDependencies) = postProject
		{CE015430-D4FD-4290-9EBD-4C488DB5CA5E} = {CE015430-D4FD-4290-9EBD-4C488DB5CA5E}
		{68900EB5-8992-466C-BCA0-5EDE8C1F1D64} = {68900EB5-8992-466C-BCA0-5EDE8C1F1D64}
	EndProjectSection
EndProject
Project("{8BC9CEB8-8B4A-11D0-8D11-00A0C91BC942}") = "gtest", "..\gtest\gtest.vcxproj", "{E7C48167-79F1-4C34-9018-53039CB184A7}"
	ProjectSection(ProjectDependencies) = postProject
		{CE015430-D4FD-4290-9EBD-4C488DB5CA5E} = {CE015430-D4FD-4290-9EBD-4C488DB5CA5E}
	EndProjectSection
EndProject
Project("{8BC9CEB8-8B4A-11D0-8D11-00A0C91BC942}") = "proto", "proto\proto.vcxproj", "{68900EB5-8992-466C-BCA0-5EDE8C1F1D64}"
	ProjectSection(ProjectDependencies) = postProject
		{CE015430-D4FD-4290-9EBD-4C488DB5CA5E} = {CE015430-D4FD-4290-9EBD-4C488DB5CA5E}
	EndProjectSection
EndProject
Project("{8BC9CEB8-8B4A-11D0-8D11-00A0C91BC942}") = "test_all.test", "test\test_all.test.vcxproj", "{BBD7A663-472B-4820-BE4F-1142BFD48C98}"
	ProjectSection(ProjectDependencies) = postProject
		{CE015430-D4FD-4290-9EBD-4C488DB5CA5E} = {CE015430-D4FD-4290-9EBD-4C488DB5CA5E}
		{C5DB8213-FE82-48C3-AF44-15E63CCF5123} = {C5DB8213-FE82-48C3-AF44-15E63CCF5123}
		{39622DD5-8B87-42F8-B88F-CD4EF5871F7E} = {39622DD5-8B87-42F8-B88F-CD4EF5871F7E}
		{E7C48167-79F1-4C34-9018-53039CB184A7} = {E7C48167-79F1-4C34-9018-53039CB184A7}
		{68900EB5-8992-466C-BCA0-5EDE8C1F1D64} = {68900EB5-8992-466C-BCA0-5EDE8C1F1D64}
	EndProjectSection
EndProject
Project("{8BC9CEB8-8B4A-11D0-8D11-00A0C91BC942}") = "test_argmax_layer.test", "test\test_argmax_layer.test.vcxproj", "{97FBDC2D-0DA5-4343-A149-19F6B7D4BEE6}"
	ProjectSection(ProjectDependencies) = postProject
		{CE015430-D4FD-4290-9EBD-4C488DB5CA5E} = {CE015430-D4FD-4290-9EBD-4C488DB5CA5E}
		{C5DB8213-FE82-48C3-AF44-15E63CCF5123} = {C5DB8213-FE82-48C3-AF44-15E63CCF5123}
		{39622DD5-8B87-42F8-B88F-CD4EF5871F7E} = {39622DD5-8B87-42F8-B88F-CD4EF5871F7E}
		{E7C48167-79F1-4C34-9018-53039CB184A7} = {E7C48167-79F1-4C34-9018-53039CB184A7}
		{68900EB5-8992-466C-BCA0-5EDE8C1F1D64} = {68900EB5-8992-466C-BCA0-5EDE8C1F1D64}
	EndProjectSection
EndProject
Project("{8BC9CEB8-8B4A-11D0-8D11-00A0C91BC942}") = "test_benchmark.test", "test\test_benchmark.test.vcxproj", "{483B2AC9-86E7-4D6D-AFB5-F883BCB560DA}"
	ProjectSection(ProjectDependencies) = postProject
		{CE015430-D4FD-4290-9EBD-4C488DB5CA5E} = {CE015430-D4FD-4290-9EBD-4C488DB5CA5E}
		{C5DB8213-FE82-48C3-AF44-15E63CCF5123} = {C5DB8213-FE82-48C3-AF44-15E63CCF5123}
		{39622DD5-8B87-42F8-B88F-CD4EF5871F7E} = {39622DD5-8B87-42F8-B88F-CD4EF5871F7E}
		{E7C48167-79F1-4C34-9018-53039CB184A7} = {E7C48167-79F1-4C34-9018-53039CB184A7}
		{68900EB5-8992-466C-BCA0-5EDE8C1F1D64} = {68900EB5-8992-466C-BCA0-5EDE8C1F1D64}
	EndProjectSection
EndProject
Project("{8BC9CEB8-8B4A-11D0-8D11-00A0C91BC942}") = "test_blob.test", "test\test_blob.test.vcxproj", "{905B2F56-94C7-4C73-90FC-334AA3542FB1}"
	ProjectSection(ProjectDependencies) = postProject
		{CE015430-D4FD-4290-9EBD-4C488DB5CA5E} = {CE015430-D4FD-4290-9EBD-4C488DB5CA5E}
		{C5DB8213-FE82-48C3-AF44-15E63CCF5123} = {C5DB8213-FE82-48C3-AF44-15E63CCF5123}
		{39622DD5-8B87-42F8-B88F-CD4EF5871F7E} = {39622DD5-8B87-42F8-B88F-CD4EF5871F7E}
		{E7C48167-79F1-4C34-9018-53039CB184A7} = {E7C48167-79F1-4C34-9018-53039CB184A7}
		{68900EB5-8992-466C-BCA0-5EDE8C1F1D64} = {68900EB5-8992-466C-BCA0-5EDE8C1F1D64}
	EndProjectSection
EndProject
Project("{8BC9CEB8-8B4A-11D0-8D11-00A0C91BC942}") = "test_caffe_main.test", "test\test_caffe_main.test.vcxproj", "{A5766FD7-332E-4315-8D90-A15C6DC56D01}"
	ProjectSection(ProjectDependencies) = postProject
		{CE015430-D4FD-4290-9EBD-4C488DB5CA5E} = {CE015430-D4FD-4290-9EBD-4C488DB5CA5E}
		{C5DB8213-FE82-48C3-AF44-15E63CCF5123} = {C5DB8213-FE82-48C3-AF44-15E63CCF5123}
		{39622DD5-8B87-42F8-B88F-CD4EF5871F7E} = {39622DD5-8B87-42F8-B88F-CD4EF5871F7E}
		{E7C48167-79F1-4C34-9018-53039CB184A7} = {E7C48167-79F1-4C34-9018-53039CB184A7}
		{68900EB5-8992-466C-BCA0-5EDE8C1F1D64} = {68900EB5-8992-466C-BCA0-5EDE8C1F1D64}
	EndProjectSection
EndProject
Project("{8BC9CEB8-8B4A-11D0-8D11-00A0C91BC942}") = "test_common.test", "test\test_common.test.vcxproj", "{CE0CCA41-AA17-4F95-9AC0-9FDCE7A26897}"
	ProjectSection(ProjectDependencies) = postProject
		{CE015430-D4FD-4290-9EBD-4C488DB5CA5E} = {CE015430-D4FD-4290-9EBD-4C488DB5CA5E}
		{C5DB8213-FE82-48C3-AF44-15E63CCF5123} = {C5DB8213-FE82-48C3-AF44-15E63CCF5123}
		{39622DD5-8B87-42F8-B88F-CD4EF5871F7E} = {39622DD5-8B87-42F8-B88F-CD4EF5871F7E}
		{E7C48167-79F1-4C34-9018-53039CB184A7} = {E7C48167-79F1-4C34-9018-53039CB184A7}
		{68900EB5-8992-466C-BCA0-5EDE8C1F1D64} = {68900EB5-8992-466C-BCA0-5EDE8C1F1D64}
	EndProjectSection
EndProject
Project("{8BC9CEB8-8B4A-11D0-8D11-00A0C91BC942}") = "test_concat_layer.test", "test\test_concat_layer.test.vcxproj", "{CA07C967-84E3-4674-B827-AC83909AAB27}"
	ProjectSection(ProjectDependencies) = postProject
		{CE015430-D4FD-4290-9EBD-4C488DB5CA5E} = {CE015430-D4FD-4290-9EBD-4C488DB5CA5E}
		{C5DB8213-FE82-48C3-AF44-15E63CCF5123} = {C5DB8213-FE82-48C3-AF44-15E63CCF5123}
		{39622DD5-8B87-42F8-B88F-CD4EF5871F7E} = {39622DD5-8B87-42F8-B88F-CD4EF5871F7E}
		{E7C48167-79F1-4C34-9018-53039CB184A7} = {E7C48167-79F1-4C34-9018-53039CB184A7}
		{68900EB5-8992-466C-BCA0-5EDE8C1F1D64} = {68900EB5-8992-466C-BCA0-5EDE8C1F1D64}
	EndProjectSection
EndProject
Project("{8BC9CEB8-8B4A-11D0-8D11-00A0C91BC942}") = "test_convolution_layer.test", "test\test_convolution_layer.test.vcxproj", "{DF305AEE-1CB7-4733-935F-18B50ABAE3F5}"
	ProjectSection(ProjectDependencies) = postProject
		{CE015430-D4FD-4290-9EBD-4C488DB5CA5E} = {CE015430-D4FD-4290-9EBD-4C488DB5CA5E}
		{C5DB8213-FE82-48C3-AF44-15E63CCF5123} = {C5DB8213-FE82-48C3-AF44-15E63CCF5123}
		{39622DD5-8B87-42F8-B88F-CD4EF5871F7E} = {39622DD5-8B87-42F8-B88F-CD4EF5871F7E}
		{E7C48167-79F1-4C34-9018-53039CB184A7} = {E7C48167-79F1-4C34-9018-53039CB184A7}
		{68900EB5-8992-466C-BCA0-5EDE8C1F1D64} = {68900EB5-8992-466C-BCA0-5EDE8C1F1D64}
	EndProjectSection
EndProject
Project("{8BC9CEB8-8B4A-11D0-8D11-00A0C91BC942}") = "test_data_layer.test", "test\test_data_layer.test.vcxproj", "{53C7F9A9-D401-40D2-8210-84DA1F192615}"
	ProjectSection(ProjectDependencies) = postProject
		{CE015430-D4FD-4290-9EBD-4C488DB5CA5E} = {CE015430-D4FD-4290-9EBD-4C488DB5CA5E}
		{C5DB8213-FE82-48C3-AF44-15E63CCF5123} = {C5DB8213-FE82-48C3-AF44-15E63CCF5123}
		{39622DD5-8B87-42F8-B88F-CD4EF5871F7E} = {39622DD5-8B87-42F8-B88F-CD4EF5871F7E}
		{E7C48167-79F1-4C34-9018-53039CB184A7} = {E7C48167-79F1-4C34-9018-53039CB184A7}
		{68900EB5-8992-466C-BCA0-5EDE8C1F1D64} = {68900EB5-8992-466C-BCA0-5EDE8C1F1D64}
	EndProjectSection
EndProject
Project("{8BC9CEB8-8B4A-11D0-8D11-00A0C91BC942}") = "test_eltwise_layer.test", "test\test_eltwise_layer.test.vcxproj", "{A548FD65-BAC8-4BA8-B861-397A52A5D03C}"
	ProjectSection(ProjectDependencies) = postProject
		{CE015430-D4FD-4290-9EBD-4C488DB5CA5E} = {CE015430-D4FD-4290-9EBD-4C488DB5CA5E}
		{C5DB8213-FE82-48C3-AF44-15E63CCF5123} = {C5DB8213-FE82-48C3-AF44-15E63CCF5123}
		{39622DD5-8B87-42F8-B88F-CD4EF5871F7E} = {39622DD5-8B87-42F8-B88F-CD4EF5871F7E}
		{E7C48167-79F1-4C34-9018-53039CB184A7} = {E7C48167-79F1-4C34-9018-53039CB184A7}
		{68900EB5-8992-466C-BCA0-5EDE8C1F1D64} = {68900EB5-8992-466C-BCA0-5EDE8C1F1D64}
	EndProjectSection
EndProject
Project("{8BC9CEB8-8B4A-11D0-8D11-00A0C91BC942}") = "test_euclidean_loss_layer.test", "test\test_euclidean_loss_layer.test.vcxproj", "{F8DB86D0-FEF7-4B5F-ADED-44F6E41AE022}"
	ProjectSection(ProjectDependencies) = postProject
		{CE015430-D4FD-4290-9EBD-4C488DB5CA5E} = {CE015430-D4FD-4290-9EBD-4C488DB5CA5E}
		{C5DB8213-FE82-48C3-AF44-15E63CCF5123} = {C5DB8213-FE82-48C3-AF44-15E63CCF5123}
		{39622DD5-8B87-42F8-B88F-CD4EF5871F7E} = {39622DD5-8B87-42F8-B88F-CD4EF5871F7E}
		{E7C48167-79F1-4C34-9018-53039CB184A7} = {E7C48167-79F1-4C34-9018-53039CB184A7}
		{68900EB5-8992-466C-BCA0-5EDE8C1F1D64} = {68900EB5-8992-466C-BCA0-5EDE8C1F1D64}
	EndProjectSection
EndProject
Project("{8BC9CEB8-8B4A-11D0-8D11-00A0C91BC942}") = "test_filler.test", "test\test_filler.test.vcxproj", "{7B78A66D-1E15-472B-80E3-8D7E61498698}"
	ProjectSection(ProjectDependencies) = postProject
		{CE015430-D4FD-4290-9EBD-4C488DB5CA5E} = {CE015430-D4FD-4290-9EBD-4C488DB5CA5E}
		{C5DB8213-FE82-48C3-AF44-15E63CCF5123} = {C5DB8213-FE82-48C3-AF44-15E63CCF5123}
		{39622DD5-8B87-42F8-B88F-CD4EF5871F7E} = {39622DD5-8B87-42F8-B88F-CD4EF5871F7E}
		{E7C48167-79F1-4C34-9018-53039CB184A7} = {E7C48167-79F1-4C34-9018-53039CB184A7}
		{68900EB5-8992-466C-BCA0-5EDE8C1F1D64} = {68900EB5-8992-466C-BCA0-5EDE8C1F1D64}
	EndProjectSection
EndProject
Project("{8BC9CEB8-8B4A-11D0-8D11-00A0C91BC942}") = "test_flatten_layer.test", "test\test_flatten_layer.test.vcxproj", "{F7A438CE-EC3C-4449-BA2B-CAEA42E9FC6F}"
	ProjectSection(ProjectDependencies) = postProject
		{CE015430-D4FD-4290-9EBD-4C488DB5CA5E} = {CE015430-D4FD-4290-9EBD-4C488DB5CA5E}
		{C5DB8213-FE82-48C3-AF44-15E63CCF5123} = {C5DB8213-FE82-48C3-AF44-15E63CCF5123}
		{39622DD5-8B87-42F8-B88F-CD4EF5871F7E} = {39622DD5-8B87-42F8-B88F-CD4EF5871F7E}
		{E7C48167-79F1-4C34-9018-53039CB184A7} = {E7C48167-79F1-4C34-9018-53039CB184A7}
		{68900EB5-8992-466C-BCA0-5EDE8C1F1D64} = {68900EB5-8992-466C-BCA0-5EDE8C1F1D64}
	EndProjectSection
EndProject
Project("{8BC9CEB8-8B4A-11D0-8D11-00A0C91BC942}") = "test_hdf5_output_layer.test", "test\test_hdf5_output_layer.test.vcxproj", "{254F7AB3-9361-4433-A043-CCD6839C4461}"
	ProjectSection(ProjectDependencies) = postProject
		{CE015430-D4FD-4290-9EBD-4C488DB5CA5E} = {CE015430-D4FD-4290-9EBD-4C488DB5CA5E}
		{C5DB8213-FE82-48C3-AF44-15E63CCF5123} = {C5DB8213-FE82-48C3-AF44-15E63CCF5123}
		{39622DD5-8B87-42F8-B88F-CD4EF5871F7E} = {39622DD5-8B87-42F8-B88F-CD4EF5871F7E}
		{E7C48167-79F1-4C34-9018-53039CB184A7} = {E7C48167-79F1-4C34-9018-53039CB184A7}
		{68900EB5-8992-466C-BCA0-5EDE8C1F1D64} = {68900EB5-8992-466C-BCA0-5EDE8C1F1D64}
	EndProjectSection
EndProject
Project("{8BC9CEB8-8B4A-11D0-8D11-00A0C91BC942}") = "test_hdf5data_layer.test", "test\test_hdf5data_layer.test.vcxproj", "{EA45F7F4-B9DC-4DBB-89D8-462513262F36}"
	ProjectSection(ProjectDependencies) = postProject
		{CE015430-D4FD-4290-9EBD-4C488DB5CA5E} = {CE015430-D4FD-4290-9EBD-4C488DB5CA5E}
		{C5DB8213-FE82-48C3-AF44-15E63CCF5123} = {C5DB8213-FE82-48C3-AF44-15E63CCF5123}
		{39622DD5-8B87-42F8-B88F-CD4EF5871F7E} = {39622DD5-8B87-42F8-B88F-CD4EF5871F7E}
		{E7C48167-79F1-4C34-9018-53039CB184A7} = {E7C48167-79F1-4C34-9018-53039CB184A7}
		{68900EB5-8992-466C-BCA0-5EDE8C1F1D64} = {68900EB5-8992-466C-BCA0-5EDE8C1F1D64}
	EndProjectSection
EndProject
Project("{8BC9CEB8-8B4A-11D0-8D11-00A0C91BC942}") = "test_hinge_loss_layer.test", "test\test_hinge_loss_layer.test.vcxproj", "{E749B933-C714-4F58-AA83-3E03767210A2}"
	ProjectSection(ProjectDependencies) = postProject
		{CE015430-D4FD-4290-9EBD-4C488DB5CA5E} = {CE015430-D4FD-4290-9EBD-4C488DB5CA5E}
		{C5DB8213-FE82-48C3-AF44-15E63CCF5123} = {C5DB8213-FE82-48C3-AF44-15E63CCF5123}
		{39622DD5-8B87-42F8-B88F-CD4EF5871F7E} = {39622DD5-8B87-42F8-B88F-CD4EF5871F7E}
		{E7C48167-79F1-4C34-9018-53039CB184A7} = {E7C48167-79F1-4C34-9018-53039CB184A7}
		{68900EB5-8992-466C-BCA0-5EDE8C1F1D64} = {68900EB5-8992-466C-BCA0-5EDE8C1F1D64}
	EndProjectSection
EndProject
Project("{8BC9CEB8-8B4A-11D0-8D11-00A0C91BC942}") = "test_im2col_layer.test", "test\test_im2col_layer.test.vcxproj", "{7EF0E0EE-2C2D-4818-A4DA-F4DA41045516}"
	ProjectSection(ProjectDependencies) = postProject
		{CE015430-D4FD-4290-9EBD-4C488DB5CA5E} = {CE015430-D4FD-4290-9EBD-4C488DB5CA5E}
		{C5DB8213-FE82-48C3-AF44-15E63CCF5123} = {C5DB8213-FE82-48C3-AF44-15E63CCF5123}
		{39622DD5-8B87-42F8-B88F-CD4EF5871F7E} = {39622DD5-8B87-42F8-B88F-CD4EF5871F7E}
		{E7C48167-79F1-4C34-9018-53039CB184A7} = {E7C48167-79F1-4C34-9018-53039CB184A7}
		{68900EB5-8992-466C-BCA0-5EDE8C1F1D64} = {68900EB5-8992-466C-BCA0-5EDE8C1F1D64}
	EndProjectSection
EndProject
Project("{8BC9CEB8-8B4A-11D0-8D11-00A0C91BC942}") = "test_image_data_layer.test", "test\test_image_data_layer.test.vcxproj", "{60FB7D3C-1F77-48B8-812A-7F8D7E92FA3B}"
	ProjectSection(ProjectDependencies) = postProject
		{CE015430-D4FD-4290-9EBD-4C488DB5CA5E} = {CE015430-D4FD-4290-9EBD-4C488DB5CA5E}
		{C5DB8213-FE82-48C3-AF44-15E63CCF5123} = {C5DB8213-FE82-48C3-AF44-15E63CCF5123}
		{39622DD5-8B87-42F8-B88F-CD4EF5871F7E} = {39622DD5-8B87-42F8-B88F-CD4EF5871F7E}
		{E7C48167-79F1-4C34-9018-53039CB184A7} = {E7C48167-79F1-4C34-9018-53039CB184A7}
		{68900EB5-8992-466C-BCA0-5EDE8C1F1D64} = {68900EB5-8992-466C-BCA0-5EDE8C1F1D64}
	EndProjectSection
EndProject
Project("{8BC9CEB8-8B4A-11D0-8D11-00A0C91BC942}") = "test_inner_product_layer.test", "test\test_inner_product_layer.test.vcxproj", "{B8001D22-93EB-4458-BBA6-A194943794F3}"
	ProjectSection(ProjectDependencies) = postProject
		{CE015430-D4FD-4290-9EBD-4C488DB5CA5E} = {CE015430-D4FD-4290-9EBD-4C488DB5CA5E}
		{C5DB8213-FE82-48C3-AF44-15E63CCF5123} = {C5DB8213-FE82-48C3-AF44-15E63CCF5123}
		{39622DD5-8B87-42F8-B88F-CD4EF5871F7E} = {39622DD5-8B87-42F8-B88F-CD4EF5871F7E}
		{E7C48167-79F1-4C34-9018-53039CB184A7} = {E7C48167-79F1-4C34-9018-53039CB184A7}
		{68900EB5-8992-466C-BCA0-5EDE8C1F1D64} = {68900EB5-8992-466C-BCA0-5EDE8C1F1D64}
	EndProjectSection
EndProject
Project("{8BC9CEB8-8B4A-11D0-8D11-00A0C91BC942}") = "test_lrn_layer.test", "test\test_lrn_layer.test.vcxproj", "{3DF18FD5-ED28-48F0-B1D4-1276C254FEA0}"
	ProjectSection(ProjectDependencies) = postProject
		{CE015430-D4FD-4290-9EBD-4C488DB5CA5E} = {CE015430-D4FD-4290-9EBD-4C488DB5CA5E}
		{C5DB8213-FE82-48C3-AF44-15E63CCF5123} = {C5DB8213-FE82-48C3-AF44-15E63CCF5123}
		{39622DD5-8B87-42F8-B88F-CD4EF5871F7E} = {39622DD5-8B87-42F8-B88F-CD4EF5871F7E}
		{E7C48167-79F1-4C34-9018-53039CB184A7} = {E7C48167-79F1-4C34-9018-53039CB184A7}
		{68900EB5-8992-466C-BCA0-5EDE8C1F1D64} = {68900EB5-8992-466C-BCA0-5EDE8C1F1D64}
	EndProjectSection
EndProject
Project("{8BC9CEB8-8B4A-11D0-8D11-00A0C91BC942}") = "test_math_functions.test", "test\test_math_functions.test.vcxproj", "{0BF4C29C-C360-44EF-B3E7-341DA3EA6552}"
	ProjectSection(ProjectDependencies) = postProject
		{CE015430-D4FD-4290-9EBD-4C488DB5CA5E} = {CE015430-D4FD-4290-9EBD-4C488DB5CA5E}
		{C5DB8213-FE82-48C3-AF44-15E63CCF5123} = {C5DB8213-FE82-48C3-AF44-15E63CCF5123}
		{39622DD5-8B87-42F8-B88F-CD4EF5871F7E} = {39622DD5-8B87-42F8-B88F-CD4EF5871F7E}
		{E7C48167-79F1-4C34-9018-53039CB184A7} = {E7C48167-79F1-4C34-9018-53039CB184A7}
		{68900EB5-8992-466C-BCA0-5EDE8C1F1D64} = {68900EB5-8992-466C-BCA0-5EDE8C1F1D64}
	EndProjectSection
EndProject
Project("{8BC9CEB8-8B4A-11D0-8D11-00A0C91BC942}") = "test_maxpool_dropout_layers.test", "test\test_maxpool_dropout_layers.test.vcxproj", "{424CA919-616A-4534-8999-A0973FB7AB51}"
	ProjectSection(ProjectDependencies) = postProject
		{CE015430-D4FD-4290-9EBD-4C488DB5CA5E} = {CE015430-D4FD-4290-9EBD-4C488DB5CA5E}
		{C5DB8213-FE82-48C3-AF44-15E63CCF5123} = {C5DB8213-FE82-48C3-AF44-15E63CCF5123}
		{39622DD5-8B87-42F8-B88F-CD4EF5871F7E} = {39622DD5-8B87-42F8-B88F-CD4EF5871F7E}
		{E7C48167-79F1-4C34-9018-53039CB184A7} = {E7C48167-79F1-4C34-9018-53039CB184A7}
		{68900EB5-8992-466C-BCA0-5EDE8C1F1D64} = {68900EB5-8992-466C-BCA0-5EDE8C1F1D64}
	EndProjectSection
EndProject
Project("{8BC9CEB8-8B4A-11D0-8D11-00A0C91BC942}") = "test_memory_data_layer.test", "test\test_memory_data_layer.test.vcxproj", "{3F4253FD-89E9-43BD-866A-B56AD4004D32}"
	ProjectSection(ProjectDependencies) = postProject
		{CE015430-D4FD-4290-9EBD-4C488DB5CA5E} = {CE015430-D4FD-4290-9EBD-4C488DB5CA5E}
		{C5DB8213-FE82-48C3-AF44-15E63CCF5123} = {C5DB8213-FE82-48C3-AF44-15E63CCF5123}
		{39622DD5-8B87-42F8-B88F-CD4EF5871F7E} = {39622DD5-8B87-42F8-B88F-CD4EF5871F7E}
		{E7C48167-79F1-4C34-9018-53039CB184A7} = {E7C48167-79F1-4C34-9018-53039CB184A7}
		{68900EB5-8992-466C-BCA0-5EDE8C1F1D64} = {68900EB5-8992-466C-BCA0-5EDE8C1F1D64}
	EndProjectSection
EndProject
Project("{8BC9CEB8-8B4A-11D0-8D11-00A0C91BC942}") = "test_multinomial_logistic_loss_layer.test", "test\test_multinomial_logistic_loss_layer.test.vcxproj", "{CF9F3DE8-51EF-4452-9598-ED6210262E88}"
	ProjectSection(ProjectDependencies) = postProject
		{CE015430-D4FD-4290-9EBD-4C488DB5CA5E} = {CE015430-D4FD-4290-9EBD-4C488DB5CA5E}
		{C5DB8213-FE82-48C3-AF44-15E63CCF5123} = {C5DB8213-FE82-48C3-AF44-15E63CCF5123}
		{39622DD5-8B87-42F8-B88F-CD4EF5871F7E} = {39622DD5-8B87-42F8-B88F-CD4EF5871F7E}
		{E7C48167-79F1-4C34-9018-53039CB184A7} = {E7C48167-79F1-4C34-9018-53039CB184A7}
		{68900EB5-8992-466C-BCA0-5EDE8C1F1D64} = {68900EB5-8992-466C-BCA0-5EDE8C1F1D64}
	EndProjectSection
EndProject
Project("{8BC9CEB8-8B4A-11D0-8D11-00A0C91BC942}") = "test_net.test", "test\test_net.test.vcxproj", "{87E2BFBE-21D8-4F1C-A4C3-B223CAEF5519}"
	ProjectSection(ProjectDependencies) = postProject
		{CE015430-D4FD-4290-9EBD-4C488DB5CA5E} = {CE015430-D4FD-4290-9EBD-4C488DB5CA5E}
		{C5DB8213-FE82-48C3-AF44-15E63CCF5123} = {C5DB8213-FE82-48C3-AF44-15E63CCF5123}
		{39622DD5-8B87-42F8-B88F-CD4EF5871F7E} = {39622DD5-8B87-42F8-B88F-CD4EF5871F7E}
		{E7C48167-79F1-4C34-9018-53039CB184A7} = {E7C48167-79F1-4C34-9018-53039CB184A7}
		{68900EB5-8992-466C-BCA0-5EDE8C1F1D64} = {68900EB5-8992-466C-BCA0-5EDE8C1F1D64}
	EndProjectSection
EndProject
Project("{8BC9CEB8-8B4A-11D0-8D11-00A0C91BC942}") = "test_neuron_layer.test", "test\test_neuron_layer.test.vcxproj", "{4A4F695F-FC90-4F4F-89D8-E385259899DE}"
	ProjectSection(ProjectDependencies) = postProject
		{CE015430-D4FD-4290-9EBD-4C488DB5CA5E} = {CE015430-D4FD-4290-9EBD-4C488DB5CA5E}
		{C5DB8213-FE82-48C3-AF44-15E63CCF5123} = {C5DB8213-FE82-48C3-AF44-15E63CCF5123}
		{39622DD5-8B87-42F8-B88F-CD4EF5871F7E} = {39622DD5-8B87-42F8-B88F-CD4EF5871F7E}
		{E7C48167-79F1-4C34-9018-53039CB184A7} = {E7C48167-79F1-4C34-9018-53039CB184A7}
		{68900EB5-8992-466C-BCA0-5EDE8C1F1D64} = {68900EB5-8992-466C-BCA0-5EDE8C1F1D64}
	EndProjectSection
EndProject
Project("{8BC9CEB8-8B4A-11D0-8D11-00A0C91BC942}") = "test_platform.test", "test\test_platform.test.vcxproj", "{F02E5DAE-7C30-4BB8-A063-8372AA8D52B6}"
	ProjectSection(ProjectDependencies) = postProject
		{CE015430-D4FD-4290-9EBD-4C488DB5CA5E} = {CE015430-D4FD-4290-9EBD-4C488DB5CA5E}
		{C5DB8213-FE82-48C3-AF44-15E63CCF5123} = {C5DB8213-FE82-48C3-AF44-15E63CCF5123}
		{39622DD5-8B87-42F8-B88F-CD4EF5871F7E} = {39622DD5-8B87-42F8-B88F-CD4EF5871F7E}
		{E7C48167-79F1-4C34-9018-53039CB184A7} = {E7C48167-79F1-4C34-9018-53039CB184A7}
		{68900EB5-8992-466C-BCA0-5EDE8C1F1D64} = {68900EB5-8992-466C-BCA0-5EDE8C1F1D64}
	EndProjectSection
EndProject
Project("{8BC9CEB8-8B4A-11D0-8D11-00A0C91BC942}") = "test_pooling_layer.test", "test\test_pooling_layer.test.vcxproj", "{440CB031-27F6-4D47-BF35-732A46B11946}"
	ProjectSection(ProjectDependencies) = postProject
		{CE015430-D4FD-4290-9EBD-4C488DB5CA5E} = {CE015430-D4FD-4290-9EBD-4C488DB5CA5E}
		{C5DB8213-FE82-48C3-AF44-15E63CCF5123} = {C5DB8213-FE82-48C3-AF44-15E63CCF5123}
		{39622DD5-8B87-42F8-B88F-CD4EF5871F7E} = {39622DD5-8B87-42F8-B88F-CD4EF5871F7E}
		{E7C48167-79F1-4C34-9018-53039CB184A7} = {E7C48167-79F1-4C34-9018-53039CB184A7}
		{68900EB5-8992-466C-BCA0-5EDE8C1F1D64} = {68900EB5-8992-466C-BCA0-5EDE8C1F1D64}
	EndProjectSection
EndProject
Project("{8BC9CEB8-8B4A-11D0-8D11-00A0C91BC942}") = "test_power_layer.test", "test\test_power_layer.test.vcxproj", "{C0D67A67-07B2-4ADE-9885-345060A4A4B6}"
	ProjectSection(ProjectDependencies) = postProject
		{CE015430-D4FD-4290-9EBD-4C488DB5CA5E} = {CE015430-D4FD-4290-9EBD-4C488DB5CA5E}
		{C5DB8213-FE82-48C3-AF44-15E63CCF5123} = {C5DB8213-FE82-48C3-AF44-15E63CCF5123}
		{39622DD5-8B87-42F8-B88F-CD4EF5871F7E} = {39622DD5-8B87-42F8-B88F-CD4EF5871F7E}
		{E7C48167-79F1-4C34-9018-53039CB184A7} = {E7C48167-79F1-4C34-9018-53039CB184A7}
		{68900EB5-8992-466C-BCA0-5EDE8C1F1D64} = {68900EB5-8992-466C-BCA0-5EDE8C1F1D64}
	EndProjectSection
EndProject
Project("{8BC9CEB8-8B4A-11D0-8D11-00A0C91BC942}") = "test_protobuf.test", "test\test_protobuf.test.vcxproj", "{689F96D8-71E2-4F9E-A8FC-5ADDC04F54FB}"
	ProjectSection(ProjectDependencies) = postProject
		{CE015430-D4FD-4290-9EBD-4C488DB5CA5E} = {CE015430-D4FD-4290-9EBD-4C488DB5CA5E}
		{C5DB8213-FE82-48C3-AF44-15E63CCF5123} = {C5DB8213-FE82-48C3-AF44-15E63CCF5123}
		{39622DD5-8B87-42F8-B88F-CD4EF5871F7E} = {39622DD5-8B87-42F8-B88F-CD4EF5871F7E}
		{E7C48167-79F1-4C34-9018-53039CB184A7} = {E7C48167-79F1-4C34-9018-53039CB184A7}
		{68900EB5-8992-466C-BCA0-5EDE8C1F1D64} = {68900EB5-8992-466C-BCA0-5EDE8C1F1D64}
	EndProjectSection
EndProject
Project("{8BC9CEB8-8B4A-11D0-8D11-00A0C91BC942}") = "test_random_number_generator.test", "test\test_random_number_generator.test.vcxproj", "{240C5EAE-10A4-4302-B3C5-FD8A6CB1A55E}"
	ProjectSection(ProjectDependencies) = postProject
		{CE015430-D4FD-4290-9EBD-4C488DB5CA5E} = {CE015430-D4FD-4290-9EBD-4C488DB5CA5E}
		{C5DB8213-FE82-48C3-AF44-15E63CCF5123} = {C5DB8213-FE82-48C3-AF44-15E63CCF5123}
		{39622DD5-8B87-42F8-B88F-CD4EF5871F7E} = {39622DD5-8B87-42F8-B88F-CD4EF5871F7E}
		{E7C48167-79F1-4C34-9018-53039CB184A7} = {E7C48167-79F1-4C34-9018-53039CB184A7}
		{68900EB5-8992-466C-BCA0-5EDE8C1F1D64} = {68900EB5-8992-466C-BCA0-5EDE8C1F1D64}
	EndProjectSection
EndProject
Project("{8BC9CEB8-8B4A-11D0-8D11-00A0C91BC942}") = "test_sigmoid_cross_entropy_loss_layer.test", "test\test_sigmoid_cross_entropy_loss_layer.test.vcxproj", "{024ED06B-8794-4031-A2CC-B7827BE874A8}"
	ProjectSection(ProjectDependencies) = postProject
		{CE015430-D4FD-4290-9EBD-4C488DB5CA5E} = {CE015430-D4FD-4290-9EBD-4C488DB5CA5E}
		{C5DB8213-FE82-48C3-AF44-15E63CCF5123} = {C5DB8213-FE82-48C3-AF44-15E63CCF5123}
		{39622DD5-8B87-42F8-B88F-CD4EF5871F7E} = {39622DD5-8B87-42F8-B88F-CD4EF5871F7E}
		{E7C48167-79F1-4C34-9018-53039CB184A7} = {E7C48167-79F1-4C34-9018-53039CB184A7}
		{68900EB5-8992-466C-BCA0-5EDE8C1F1D64} = {68900EB5-8992-466C-BCA0-5EDE8C1F1D64}
	EndProjectSection
EndProject
Project("{8BC9CEB8-8B4A-11D0-8D11-00A0C91BC942}") = "test_softmax_layer.test", "test\test_softmax_layer.test.vcxproj", "{39E7CCDE-C38A-4DBB-A0DB-3ED670C7F9D6}"
	ProjectSection(ProjectDependencies) = postProject
		{CE015430-D4FD-4290-9EBD-4C488DB5CA5E} = {CE015430-D4FD-4290-9EBD-4C488DB5CA5E}
		{C5DB8213-FE82-48C3-AF44-15E63CCF5123} = {C5DB8213-FE82-48C3-AF44-15E63CCF5123}
		{39622DD5-8B87-42F8-B88F-CD4EF5871F7E} = {39622DD5-8B87-42F8-B88F-CD4EF5871F7E}
		{E7C48167-79F1-4C34-9018-53039CB184A7} = {E7C48167-79F1-4C34-9018-53039CB184A7}
		{68900EB5-8992-466C-BCA0-5EDE8C1F1D64} = {68900EB5-8992-466C-BCA0-5EDE8C1F1D64}
	EndProjectSection
EndProject
Project("{8BC9CEB8-8B4A-11D0-8D11-00A0C91BC942}") = "test_softmax_with_loss_layer.test", "test\test_softmax_with_loss_layer.test.vcxproj", "{05C34DAE-9254-41EA-91BA-25D60A29FCFA}"
	ProjectSection(ProjectDependencies) = postProject
		{CE015430-D4FD-4290-9EBD-4C488DB5CA5E} = {CE015430-D4FD-4290-9EBD-4C488DB5CA5E}
		{C5DB8213-FE82-48C3-AF44-15E63CCF5123} = {C5DB8213-FE82-48C3-AF44-15E63CCF5123}
		{39622DD5-8B87-42F8-B88F-CD4EF5871F7E} = {39622DD5-8B87-42F8-B88F-CD4EF5871F7E}
		{E7C48167-79F1-4C34-9018-53039CB184A7} = {E7C48167-79F1-4C34-9018-53039CB184A7}
		{68900EB5-8992-466C-BCA0-5EDE8C1F1D64} = {68900EB5-8992-466C-BCA0-5EDE8C1F1D64}
	EndProjectSection
EndProject
Project("{8BC9CEB8-8B4A-11D0-8D11-00A0C91BC942}") = "test_split_layer.test", "test\test_split_layer.test.vcxproj", "{54F162EE-9EDD-43B5-886D-472F9DC5F622}"
	ProjectSection(ProjectDependencies) = postProject
		{CE015430-D4FD-4290-9EBD-4C488DB5CA5E} = {CE015430-D4FD-4290-9EBD-4C488DB5CA5E}
		{C5DB8213-FE82-48C3-AF44-15E63CCF5123} = {C5DB8213-FE82-48C3-AF44-15E63CCF5123}
		{39622DD5-8B87-42F8-B88F-CD4EF5871F7E} = {39622DD5-8B87-42F8-B88F-CD4EF5871F7E}
		{E7C48167-79F1-4C34-9018-53039CB184A7} = {E7C48167-79F1-4C34-9018-53039CB184A7}
		{68900EB5-8992-466C-BCA0-5EDE8C1F1D64} = {68900EB5-8992-466C-BCA0-5EDE8C1F1D64}
	EndProjectSection
EndProject
Project("{8BC9CEB8-8B4A-11D0-8D11-00A0C91BC942}") = "test_stochastic_pooling.test", "test\test_stochastic_pooling.test.vcxproj", "{967C7335-9EDA-49A6-8814-91A969C73FDF}"
	ProjectSection(ProjectDependencies) = postProject
		{CE015430-D4FD-4290-9EBD-4C488DB5CA5E} = {CE015430-D4FD-4290-9EBD-4C488DB5CA5E}
		{C5DB8213-FE82-48C3-AF44-15E63CCF5123} = {C5DB8213-FE82-48C3-AF44-15E63CCF5123}
		{39622DD5-8B87-42F8-B88F-CD4EF5871F7E} = {39622DD5-8B87-42F8-B88F-CD4EF5871F7E}
		{E7C48167-79F1-4C34-9018-53039CB184A7} = {E7C48167-79F1-4C34-9018-53039CB184A7}
		{68900EB5-8992-466C-BCA0-5EDE8C1F1D64} = {68900EB5-8992-466C-BCA0-5EDE8C1F1D64}
	EndProjectSection
EndProject
Project("{8BC9CEB8-8B4A-11D0-8D11-00A0C91BC942}") = "test_syncedmem.test", "test\test_syncedmem.test.vcxproj", "{E2442ADE-2077-4B01-BF4B-A64469E7AE26}"
	ProjectSection(ProjectDependencies) = postProject
		{CE015430-D4FD-4290-9EBD-4C488DB5CA5E} = {CE015430-D4FD-4290-9EBD-4C488DB5CA5E}
		{C5DB8213-FE82-48C3-AF44-15E63CCF5123} = {C5DB8213-FE82-48C3-AF44-15E63CCF5123}
		{39622DD5-8B87-42F8-B88F-CD4EF5871F7E} = {39622DD5-8B87-42F8-B88F-CD4EF5871F7E}
		{E7C48167-79F1-4C34-9018-53039CB184A7} = {E7C48167-79F1-4C34-9018-53039CB184A7}
		{68900EB5-8992-466C-BCA0-5EDE8C1F1D64} = {68900EB5-8992-466C-BCA0-5EDE8C1F1D64}
	EndProjectSection
EndProject
Project("{8BC9CEB8-8B4A-11D0-8D11-00A0C91BC942}") = "test_tanh_layer.test", "test\test_tanh_layer.test.vcxproj", "{53B79BD3-8150-4E9A-8AF9-3623F9D2F703}"
	ProjectSection(ProjectDependencies) = postProject
		{CE015430-D4FD-4290-9EBD-4C488DB5CA5E} = {CE015430-D4FD-4290-9EBD-4C488DB5CA5E}
		{C5DB8213-FE82-48C3-AF44-15E63CCF5123} = {C5DB8213-FE82-48C3-AF44-15E63CCF5123}
		{39622DD5-8B87-42F8-B88F-CD4EF5871F7E} = {39622DD5-8B87-42F8-B88F-CD4EF5871F7E}
		{E7C48167-79F1-4C34-9018-53039CB184A7} = {E7C48167-79F1-4C34-9018-53039CB184A7}
		{68900EB5-8992-466C-BCA0-5EDE8C1F1D64} = {68900EB5-8992-466C-BCA0-5EDE8C1F1D64}
	EndProjectSection
EndProject
Project("{8BC9CEB8-8B4A-11D0-8D11-00A0C91BC942}") = "test_threshold_layer.test", "test\test_threshold_layer.test.vcxproj", "{AA961A78-58D9-4BEC-93DC-AEADD4C987E1}"
	ProjectSection(ProjectDependencies) = postProject
		{CE015430-D4FD-4290-9EBD-4C488DB5CA5E} = {CE015430-D4FD-4290-9EBD-4C488DB5CA5E}
		{C5DB8213-FE82-48C3-AF44-15E63CCF5123} = {C5DB8213-FE82-48C3-AF44-15E63CCF5123}
		{39622DD5-8B87-42F8-B88F-CD4EF5871F7E} = {39622DD5-8B87-42F8-B88F-CD4EF5871F7E}
		{E7C48167-79F1-4C34-9018-53039CB184A7} = {E7C48167-79F1-4C34-9018-53039CB184A7}
		{68900EB5-8992-466C-BCA0-5EDE8C1F1D64} = {68900EB5-8992-466C-BCA0-5EDE8C1F1D64}
	EndProjectSection
EndProject
Project("{8BC9CEB8-8B4A-11D0-8D11-00A0C91BC942}") = "test_upgrade_proto.test", "test\test_upgrade_proto.test.vcxproj", "{6F9E8EEC-ED38-4152-8CD7-BB876B6F8331}"
	ProjectSection(ProjectDependencies) = postProject
		{CE015430-D4FD-4290-9EBD-4C488DB5CA5E} = {CE015430-D4FD-4290-9EBD-4C488DB5CA5E}
		{C5DB8213-FE82-48C3-AF44-15E63CCF5123} = {C5DB8213-FE82-48C3-AF44-15E63CCF5123}
		{39622DD5-8B87-42F8-B88F-CD4EF5871F7E} = {39622DD5-8B87-42F8-B88F-CD4EF5871F7E}
		{E7C48167-79F1-4C34-9018-53039CB184A7} = {E7C48167-79F1-4C34-9018-53039CB184A7}
		{68900EB5-8992-466C-BCA0-5EDE8C1F1D64} = {68900EB5-8992-466C-BCA0-5EDE8C1F1D64}
	EndProjectSection
EndProject
Project("{8BC9CEB8-8B4A-11D0-8D11-00A0C91BC942}") = "test_util_blas.test", "test\test_util_blas.test.vcxproj", "{681B162F-DA34-4800-9A0B-2E52A3E06433}"
	ProjectSection(ProjectDependencies) = postProject
		{CE015430-D4FD-4290-9EBD-4C488DB5CA5E} = {CE015430-D4FD-4290-9EBD-4C488DB5CA5E}
		{C5DB8213-FE82-48C3-AF44-15E63CCF5123} = {C5DB8213-FE82-48C3-AF44-15E63CCF5123}
		{39622DD5-8B87-42F8-B88F-CD4EF5871F7E} = {39622DD5-8B87-42F8-B88F-CD4EF5871F7E}
		{E7C48167-79F1-4C34-9018-53039CB184A7} = {E7C48167-79F1-4C34-9018-53039CB184A7}
		{68900EB5-8992-466C-BCA0-5EDE8C1F1D64} = {68900EB5-8992-466C-BCA0-5EDE8C1F1D64}
	EndProjectSection
EndProject
Global
	GlobalSection(SolutionConfigurationPlatforms) = preSolution
		Debug|x64 = Debug|x64
		Release|x64 = Release|x64
		MinSizeRel|x64 = MinSizeRel|x64
		RelWithDebInfo|x64 = RelWithDebInfo|x64
	EndGlobalSection
	GlobalSection(ProjectConfigurationPlatforms) = postSolution
		{628F370E-6406-4304-8131-01C725686568}.Debug|x64.ActiveCfg = Debug|x64
		{628F370E-6406-4304-8131-01C725686568}.Debug|x64.Build.0 = Debug|x64
		{628F370E-6406-4304-8131-01C725686568}.Release|x64.ActiveCfg = Release|x64
		{628F370E-6406-4304-8131-01C725686568}.Release|x64.Build.0 = Release|x64
		{628F370E-6406-4304-8131-01C725686568}.MinSizeRel|x64.ActiveCfg = MinSizeRel|x64
		{628F370E-6406-4304-8131-01C725686568}.MinSizeRel|x64.Build.0 = MinSizeRel|x64
		{628F370E-6406-4304-8131-01C725686568}.RelWithDebInfo|x64.ActiveCfg = RelWithDebInfo|x64
		{628F370E-6406-4304-8131-01C725686568}.RelWithDebInfo|x64.Build.0 = RelWithDebInfo|x64
		{1946834B-C998-45E7-91AD-6731809428AF}.Debug|x64.ActiveCfg = Debug|x64
		{1946834B-C998-45E7-91AD-6731809428AF}.Release|x64.ActiveCfg = Release|x64
		{1946834B-C998-45E7-91AD-6731809428AF}.MinSizeRel|x64.ActiveCfg = MinSizeRel|x64
		{1946834B-C998-45E7-91AD-6731809428AF}.RelWithDebInfo|x64.ActiveCfg = RelWithDebInfo|x64
		{0188B8AC-7E97-4598-9F5D-D5D0585D5182}.Debug|x64.ActiveCfg = Debug|x64
		{0188B8AC-7E97-4598-9F5D-D5D0585D5182}.Release|x64.ActiveCfg = Release|x64
		{0188B8AC-7E97-4598-9F5D-D5D0585D5182}.MinSizeRel|x64.ActiveCfg = MinSizeRel|x64
		{0188B8AC-7E97-4598-9F5D-D5D0585D5182}.RelWithDebInfo|x64.ActiveCfg = RelWithDebInfo|x64
		{CE015430-D4FD-4290-9EBD-4C488DB5CA5E}.Debug|x64.ActiveCfg = Debug|x64
		{CE015430-D4FD-4290-9EBD-4C488DB5CA5E}.Debug|x64.Build.0 = Debug|x64
		{CE015430-D4FD-4290-9EBD-4C488DB5CA5E}.Release|x64.ActiveCfg = Release|x64
		{CE015430-D4FD-4290-9EBD-4C488DB5CA5E}.Release|x64.Build.0 = Release|x64
		{CE015430-D4FD-4290-9EBD-4C488DB5CA5E}.MinSizeRel|x64.ActiveCfg = MinSizeRel|x64
		{CE015430-D4FD-4290-9EBD-4C488DB5CA5E}.MinSizeRel|x64.Build.0 = MinSizeRel|x64
		{CE015430-D4FD-4290-9EBD-4C488DB5CA5E}.RelWithDebInfo|x64.ActiveCfg = RelWithDebInfo|x64
		{CE015430-D4FD-4290-9EBD-4C488DB5CA5E}.RelWithDebInfo|x64.Build.0 = RelWithDebInfo|x64
		{C5DB8213-FE82-48C3-AF44-15E63CCF5123}.Debug|x64.ActiveCfg = Debug|x64
		{C5DB8213-FE82-48C3-AF44-15E63CCF5123}.Debug|x64.Build.0 = Debug|x64
		{C5DB8213-FE82-48C3-AF44-15E63CCF5123}.Release|x64.ActiveCfg = Release|x64
		{C5DB8213-FE82-48C3-AF44-15E63CCF5123}.Release|x64.Build.0 = Release|x64
		{C5DB8213-FE82-48C3-AF44-15E63CCF5123}.MinSizeRel|x64.ActiveCfg = MinSizeRel|x64
		{C5DB8213-FE82-48C3-AF44-15E63CCF5123}.MinSizeRel|x64.Build.0 = MinSizeRel|x64
		{C5DB8213-FE82-48C3-AF44-15E63CCF5123}.RelWithDebInfo|x64.ActiveCfg = RelWithDebInfo|x64
		{C5DB8213-FE82-48C3-AF44-15E63CCF5123}.RelWithDebInfo|x64.Build.0 = RelWithDebInfo|x64
		{39622DD5-8B87-42F8-B88F-CD4EF5871F7E}.Debug|x64.ActiveCfg = Debug|x64
		{39622DD5-8B87-42F8-B88F-CD4EF5871F7E}.Debug|x64.Build.0 = Debug|x64
		{39622DD5-8B87-42F8-B88F-CD4EF5871F7E}.Release|x64.ActiveCfg = Release|x64
		{39622DD5-8B87-42F8-B88F-CD4EF5871F7E}.Release|x64.Build.0 = Release|x64
		{39622DD5-8B87-42F8-B88F-CD4EF5871F7E}.MinSizeRel|x64.ActiveCfg = MinSizeRel|x64
		{39622DD5-8B87-42F8-B88F-CD4EF5871F7E}.MinSizeRel|x64.Build.0 = MinSizeRel|x64
		{39622DD5-8B87-42F8-B88F-CD4EF5871F7E}.RelWithDebInfo|x64.ActiveCfg = RelWithDebInfo|x64
		{39622DD5-8B87-42F8-B88F-CD4EF5871F7E}.RelWithDebInfo|x64.Build.0 = RelWithDebInfo|x64
		{E7C48167-79F1-4C34-9018-53039CB184A7}.Debug|x64.ActiveCfg = Debug|x64
		{E7C48167-79F1-4C34-9018-53039CB184A7}.Debug|x64.Build.0 = Debug|x64
		{E7C48167-79F1-4C34-9018-53039CB184A7}.Release|x64.ActiveCfg = Release|x64
		{E7C48167-79F1-4C34-9018-53039CB184A7}.Release|x64.Build.0 = Release|x64
		{E7C48167-79F1-4C34-9018-53039CB184A7}.MinSizeRel|x64.ActiveCfg = MinSizeRel|x64
		{E7C48167-79F1-4C34-9018-53039CB184A7}.MinSizeRel|x64.Build.0 = MinSizeRel|x64
		{E7C48167-79F1-4C34-9018-53039CB184A7}.RelWithDebInfo|x64.ActiveCfg = RelWithDebInfo|x64
		{E7C48167-79F1-4C34-9018-53039CB184A7}.RelWithDebInfo|x64.Build.0 = RelWithDebInfo|x64
		{68900EB5-8992-466C-BCA0-5EDE8C1F1D64}.Debug|x64.ActiveCfg = Debug|x64
		{68900EB5-8992-466C-BCA0-5EDE8C1F1D64}.Debug|x64.Build.0 = Debug|x64
		{68900EB5-8992-466C-BCA0-5EDE8C1F1D64}.Release|x64.ActiveCfg = Release|x64
		{68900EB5-8992-466C-BCA0-5EDE8C1F1D64}.Release|x64.Build.0 = Release|x64
		{68900EB5-8992-466C-BCA0-5EDE8C1F1D64}.MinSizeRel|x64.ActiveCfg = MinSizeRel|x64
		{68900EB5-8992-466C-BCA0-5EDE8C1F1D64}.MinSizeRel|x64.Build.0 = MinSizeRel|x64
		{68900EB5-8992-466C-BCA0-5EDE8C1F1D64}.RelWithDebInfo|x64.ActiveCfg = RelWithDebInfo|x64
		{68900EB5-8992-466C-BCA0-5EDE8C1F1D64}.RelWithDebInfo|x64.Build.0 = RelWithDebInfo|x64
		{BBD7A663-472B-4820-BE4F-1142BFD48C98}.Debug|x64.ActiveCfg = Debug|x64
		{BBD7A663-472B-4820-BE4F-1142BFD48C98}.Debug|x64.Build.0 = Debug|x64
		{BBD7A663-472B-4820-BE4F-1142BFD48C98}.Release|x64.ActiveCfg = Release|x64
		{BBD7A663-472B-4820-BE4F-1142BFD48C98}.Release|x64.Build.0 = Release|x64
		{BBD7A663-472B-4820-BE4F-1142BFD48C98}.MinSizeRel|x64.ActiveCfg = MinSizeRel|x64
		{BBD7A663-472B-4820-BE4F-1142BFD48C98}.MinSizeRel|x64.Build.0 = MinSizeRel|x64
		{BBD7A663-472B-4820-BE4F-1142BFD48C98}.RelWithDebInfo|x64.ActiveCfg = RelWithDebInfo|x64
		{BBD7A663-472B-4820-BE4F-1142BFD48C98}.RelWithDebInfo|x64.Build.0 = RelWithDebInfo|x64
		{97FBDC2D-0DA5-4343-A149-19F6B7D4BEE6}.Debug|x64.ActiveCfg = Debug|x64
		{97FBDC2D-0DA5-4343-A149-19F6B7D4BEE6}.Debug|x64.Build.0 = Debug|x64
		{97FBDC2D-0DA5-4343-A149-19F6B7D4BEE6}.Release|x64.ActiveCfg = Release|x64
		{97FBDC2D-0DA5-4343-A149-19F6B7D4BEE6}.Release|x64.Build.0 = Release|x64
		{97FBDC2D-0DA5-4343-A149-19F6B7D4BEE6}.MinSizeRel|x64.ActiveCfg = MinSizeRel|x64
		{97FBDC2D-0DA5-4343-A149-19F6B7D4BEE6}.MinSizeRel|x64.Build.0 = MinSizeRel|x64
		{97FBDC2D-0DA5-4343-A149-19F6B7D4BEE6}.RelWithDebInfo|x64.ActiveCfg = RelWithDebInfo|x64
		{97FBDC2D-0DA5-4343-A149-19F6B7D4BEE6}.RelWithDebInfo|x64.Build.0 = RelWithDebInfo|x64
		{483B2AC9-86E7-4D6D-AFB5-F883BCB560DA}.Debug|x64.ActiveCfg = Debug|x64
		{483B2AC9-86E7-4D6D-AFB5-F883BCB560DA}.Debug|x64.Build.0 = Debug|x64
		{483B2AC9-86E7-4D6D-AFB5-F883BCB560DA}.Release|x64.ActiveCfg = Release|x64
		{483B2AC9-86E7-4D6D-AFB5-F883BCB560DA}.Release|x64.Build.0 = Release|x64
		{483B2AC9-86E7-4D6D-AFB5-F883BCB560DA}.MinSizeRel|x64.ActiveCfg = MinSizeRel|x64
		{483B2AC9-86E7-4D6D-AFB5-F883BCB560DA}.MinSizeRel|x64.Build.0 = MinSizeRel|x64
		{483B2AC9-86E7-4D6D-AFB5-F883BCB560DA}.RelWithDebInfo|x64.ActiveCfg = RelWithDebInfo|x64
		{483B2AC9-86E7-4D6D-AFB5-F883BCB560DA}.RelWithDebInfo|x64.Build.0 = RelWithDebInfo|x64
		{905B2F56-94C7-4C73-90FC-334AA3542FB1}.Debug|x64.ActiveCfg = Debug|x64
		{905B2F56-94C7-4C73-90FC-334AA3542FB1}.Debug|x64.Build.0 = Debug|x64
		{905B2F56-94C7-4C73-90FC-334AA3542FB1}.Release|x64.ActiveCfg = Release|x64
		{905B2F56-94C7-4C73-90FC-334AA3542FB1}.Release|x64.Build.0 = Release|x64
		{905B2F56-94C7-4C73-90FC-334AA3542FB1}.MinSizeRel|x64.ActiveCfg = MinSizeRel|x64
		{905B2F56-94C7-4C73-90FC-334AA3542FB1}.MinSizeRel|x64.Build.0 = MinSizeRel|x64
		{905B2F56-94C7-4C73-90FC-334AA3542FB1}.RelWithDebInfo|x64.ActiveCfg = RelWithDebInfo|x64
		{905B2F56-94C7-4C73-90FC-334AA3542FB1}.RelWithDebInfo|x64.Build.0 = RelWithDebInfo|x64
		{A5766FD7-332E-4315-8D90-A15C6DC56D01}.Debug|x64.ActiveCfg = Debug|x64
		{A5766FD7-332E-4315-8D90-A15C6DC56D01}.Debug|x64.Build.0 = Debug|x64
		{A5766FD7-332E-4315-8D90-A15C6DC56D01}.Release|x64.ActiveCfg = Release|x64
		{A5766FD7-332E-4315-8D90-A15C6DC56D01}.Release|x64.Build.0 = Release|x64
		{A5766FD7-332E-4315-8D90-A15C6DC56D01}.MinSizeRel|x64.ActiveCfg = MinSizeRel|x64
		{A5766FD7-332E-4315-8D90-A15C6DC56D01}.MinSizeRel|x64.Build.0 = MinSizeRel|x64
		{A5766FD7-332E-4315-8D90-A15C6DC56D01}.RelWithDebInfo|x64.ActiveCfg = RelWithDebInfo|x64
		{A5766FD7-332E-4315-8D90-A15C6DC56D01}.RelWithDebInfo|x64.Build.0 = RelWithDebInfo|x64
		{CE0CCA41-AA17-4F95-9AC0-9FDCE7A26897}.Debug|x64.ActiveCfg = Debug|x64
		{CE0CCA41-AA17-4F95-9AC0-9FDCE7A26897}.Debug|x64.Build.0 = Debug|x64
		{CE0CCA41-AA17-4F95-9AC0-9FDCE7A26897}.Release|x64.ActiveCfg = Release|x64
		{CE0CCA41-AA17-4F95-9AC0-9FDCE7A26897}.Release|x64.Build.0 = Release|x64
		{CE0CCA41-AA17-4F95-9AC0-9FDCE7A26897}.MinSizeRel|x64.ActiveCfg = MinSizeRel|x64
		{CE0CCA41-AA17-4F95-9AC0-9FDCE7A26897}.MinSizeRel|x64.Build.0 = MinSizeRel|x64
		{CE0CCA41-AA17-4F95-9AC0-9FDCE7A26897}.RelWithDebInfo|x64.ActiveCfg = RelWithDebInfo|x64
		{CE0CCA41-AA17-4F95-9AC0-9FDCE7A26897}.RelWithDebInfo|x64.Build.0 = RelWithDebInfo|x64
		{CA07C967-84E3-4674-B827-AC83909AAB27}.Debug|x64.ActiveCfg = Debug|x64
		{CA07C967-84E3-4674-B827-AC83909AAB27}.Debug|x64.Build.0 = Debug|x64
		{CA07C967-84E3-4674-B827-AC83909AAB27}.Release|x64.ActiveCfg = Release|x64
		{CA07C967-84E3-4674-B827-AC83909AAB27}.Release|x64.Build.0 = Release|x64
		{CA07C967-84E3-4674-B827-AC83909AAB27}.MinSizeRel|x64.ActiveCfg = MinSizeRel|x64
		{CA07C967-84E3-4674-B827-AC83909AAB27}.MinSizeRel|x64.Build.0 = MinSizeRel|x64
		{CA07C967-84E3-4674-B827-AC83909AAB27}.RelWithDebInfo|x64.ActiveCfg = RelWithDebInfo|x64
		{CA07C967-84E3-4674-B827-AC83909AAB27}.RelWithDebInfo|x64.Build.0 = RelWithDebInfo|x64
		{DF305AEE-1CB7-4733-935F-18B50ABAE3F5}.Debug|x64.ActiveCfg = Debug|x64
		{DF305AEE-1CB7-4733-935F-18B50ABAE3F5}.Debug|x64.Build.0 = Debug|x64
		{DF305AEE-1CB7-4733-935F-18B50ABAE3F5}.Release|x64.ActiveCfg = Release|x64
		{DF305AEE-1CB7-4733-935F-18B50ABAE3F5}.Release|x64.Build.0 = Release|x64
		{DF305AEE-1CB7-4733-935F-18B50ABAE3F5}.MinSizeRel|x64.ActiveCfg = MinSizeRel|x64
		{DF305AEE-1CB7-4733-935F-18B50ABAE3F5}.MinSizeRel|x64.Build.0 = MinSizeRel|x64
		{DF305AEE-1CB7-4733-935F-18B50ABAE3F5}.RelWithDebInfo|x64.ActiveCfg = RelWithDebInfo|x64
		{DF305AEE-1CB7-4733-935F-18B50ABAE3F5}.RelWithDebInfo|x64.Build.0 = RelWithDebInfo|x64
		{53C7F9A9-D401-40D2-8210-84DA1F192615}.Debug|x64.ActiveCfg = Debug|x64
		{53C7F9A9-D401-40D2-8210-84DA1F192615}.Debug|x64.Build.0 = Debug|x64
		{53C7F9A9-D401-40D2-8210-84DA1F192615}.Release|x64.ActiveCfg = Release|x64
		{53C7F9A9-D401-40D2-8210-84DA1F192615}.Release|x64.Build.0 = Release|x64
		{53C7F9A9-D401-40D2-8210-84DA1F192615}.MinSizeRel|x64.ActiveCfg = MinSizeRel|x64
		{53C7F9A9-D401-40D2-8210-84DA1F192615}.MinSizeRel|x64.Build.0 = MinSizeRel|x64
		{53C7F9A9-D401-40D2-8210-84DA1F192615}.RelWithDebInfo|x64.ActiveCfg = RelWithDebInfo|x64
		{53C7F9A9-D401-40D2-8210-84DA1F192615}.RelWithDebInfo|x64.Build.0 = RelWithDebInfo|x64
		{A548FD65-BAC8-4BA8-B861-397A52A5D03C}.Debug|x64.ActiveCfg = Debug|x64
		{A548FD65-BAC8-4BA8-B861-397A52A5D03C}.Debug|x64.Build.0 = Debug|x64
		{A548FD65-BAC8-4BA8-B861-397A52A5D03C}.Release|x64.ActiveCfg = Release|x64
		{A548FD65-BAC8-4BA8-B861-397A52A5D03C}.Release|x64.Build.0 = Release|x64
		{A548FD65-BAC8-4BA8-B861-397A52A5D03C}.MinSizeRel|x64.ActiveCfg = MinSizeRel|x64
		{A548FD65-BAC8-4BA8-B861-397A52A5D03C}.MinSizeRel|x64.Build.0 = MinSizeRel|x64
		{A548FD65-BAC8-4BA8-B861-397A52A5D03C}.RelWithDebInfo|x64.ActiveCfg = RelWithDebInfo|x64
		{A548FD65-BAC8-4BA8-B861-397A52A5D03C}.RelWithDebInfo|x64.Build.0 = RelWithDebInfo|x64
		{F8DB86D0-FEF7-4B5F-ADED-44F6E41AE022}.Debug|x64.ActiveCfg = Debug|x64
		{F8DB86D0-FEF7-4B5F-ADED-44F6E41AE022}.Debug|x64.Build.0 = Debug|x64
		{F8DB86D0-FEF7-4B5F-ADED-44F6E41AE022}.Release|x64.ActiveCfg = Release|x64
		{F8DB86D0-FEF7-4B5F-ADED-44F6E41AE022}.Release|x64.Build.0 = Release|x64
		{F8DB86D0-FEF7-4B5F-ADED-44F6E41AE022}.MinSizeRel|x64.ActiveCfg = MinSizeRel|x64
		{F8DB86D0-FEF7-4B5F-ADED-44F6E41AE022}.MinSizeRel|x64.Build.0 = MinSizeRel|x64
		{F8DB86D0-FEF7-4B5F-ADED-44F6E41AE022}.RelWithDebInfo|x64.ActiveCfg = RelWithDebInfo|x64
		{F8DB86D0-FEF7-4B5F-ADED-44F6E41AE022}.RelWithDebInfo|x64.Build.0 = RelWithDebInfo|x64
		{7B78A66D-1E15-472B-80E3-8D7E61498698}.Debug|x64.ActiveCfg = Debug|x64
		{7B78A66D-1E15-472B-80E3-8D7E61498698}.Debug|x64.Build.0 = Debug|x64
		{7B78A66D-1E15-472B-80E3-8D7E61498698}.Release|x64.ActiveCfg = Release|x64
		{7B78A66D-1E15-472B-80E3-8D7E61498698}.Release|x64.Build.0 = Release|x64
		{7B78A66D-1E15-472B-80E3-8D7E61498698}.MinSizeRel|x64.ActiveCfg = MinSizeRel|x64
		{7B78A66D-1E15-472B-80E3-8D7E61498698}.MinSizeRel|x64.Build.0 = MinSizeRel|x64
		{7B78A66D-1E15-472B-80E3-8D7E61498698}.RelWithDebInfo|x64.ActiveCfg = RelWithDebInfo|x64
		{7B78A66D-1E15-472B-80E3-8D7E61498698}.RelWithDebInfo|x64.Build.0 = RelWithDebInfo|x64
		{F7A438CE-EC3C-4449-BA2B-CAEA42E9FC6F}.Debug|x64.ActiveCfg = Debug|x64
		{F7A438CE-EC3C-4449-BA2B-CAEA42E9FC6F}.Debug|x64.Build.0 = Debug|x64
		{F7A438CE-EC3C-4449-BA2B-CAEA42E9FC6F}.Release|x64.ActiveCfg = Release|x64
		{F7A438CE-EC3C-4449-BA2B-CAEA42E9FC6F}.Release|x64.Build.0 = Release|x64
		{F7A438CE-EC3C-4449-BA2B-CAEA42E9FC6F}.MinSizeRel|x64.ActiveCfg = MinSizeRel|x64
		{F7A438CE-EC3C-4449-BA2B-CAEA42E9FC6F}.MinSizeRel|x64.Build.0 = MinSizeRel|x64
		{F7A438CE-EC3C-4449-BA2B-CAEA42E9FC6F}.RelWithDebInfo|x64.ActiveCfg = RelWithDebInfo|x64
		{F7A438CE-EC3C-4449-BA2B-CAEA42E9FC6F}.RelWithDebInfo|x64.Build.0 = RelWithDebInfo|x64
		{254F7AB3-9361-4433-A043-CCD6839C4461}.Debug|x64.ActiveCfg = Debug|x64
		{254F7AB3-9361-4433-A043-CCD6839C4461}.Debug|x64.Build.0 = Debug|x64
		{254F7AB3-9361-4433-A043-CCD6839C4461}.Release|x64.ActiveCfg = Release|x64
		{254F7AB3-9361-4433-A043-CCD6839C4461}.Release|x64.Build.0 = Release|x64
		{254F7AB3-9361-4433-A043-CCD6839C4461}.MinSizeRel|x64.ActiveCfg = MinSizeRel|x64
		{254F7AB3-9361-4433-A043-CCD6839C4461}.MinSizeRel|x64.Build.0 = MinSizeRel|x64
		{254F7AB3-9361-4433-A043-CCD6839C4461}.RelWithDebInfo|x64.ActiveCfg = RelWithDebInfo|x64
		{254F7AB3-9361-4433-A043-CCD6839C4461}.RelWithDebInfo|x64.Build.0 = RelWithDebInfo|x64
		{EA45F7F4-B9DC-4DBB-89D8-462513262F36}.Debug|x64.ActiveCfg = Debug|x64
		{EA45F7F4-B9DC-4DBB-89D8-462513262F36}.Debug|x64.Build.0 = Debug|x64
		{EA45F7F4-B9DC-4DBB-89D8-462513262F36}.Release|x64.ActiveCfg = Release|x64
		{EA45F7F4-B9DC-4DBB-89D8-462513262F36}.Release|x64.Build.0 = Release|x64
		{EA45F7F4-B9DC-4DBB-89D8-462513262F36}.MinSizeRel|x64.ActiveCfg = MinSizeRel|x64
		{EA45F7F4-B9DC-4DBB-89D8-462513262F36}.MinSizeRel|x64.Build.0 = MinSizeRel|x64
		{EA45F7F4-B9DC-4DBB-89D8-462513262F36}.RelWithDebInfo|x64.ActiveCfg = RelWithDebInfo|x64
		{EA45F7F4-B9DC-4DBB-89D8-462513262F36}.RelWithDebInfo|x64.Build.0 = RelWithDebInfo|x64
		{E749B933-C714-4F58-AA83-3E03767210A2}.Debug|x64.ActiveCfg = Debug|x64
		{E749B933-C714-4F58-AA83-3E03767210A2}.Debug|x64.Build.0 = Debug|x64
		{E749B933-C714-4F58-AA83-3E03767210A2}.Release|x64.ActiveCfg = Release|x64
		{E749B933-C714-4F58-AA83-3E03767210A2}.Release|x64.Build.0 = Release|x64
		{E749B933-C714-4F58-AA83-3E03767210A2}.MinSizeRel|x64.ActiveCfg = MinSizeRel|x64
		{E749B933-C714-4F58-AA83-3E03767210A2}.MinSizeRel|x64.Build.0 = MinSizeRel|x64
		{E749B933-C714-4F58-AA83-3E03767210A2}.RelWithDebInfo|x64.ActiveCfg = RelWithDebInfo|x64
		{E749B933-C714-4F58-AA83-3E03767210A2}.RelWithDebInfo|x64.Build.0 = RelWithDebInfo|x64
		{7EF0E0EE-2C2D-4818-A4DA-F4DA41045516}.Debug|x64.ActiveCfg = Debug|x64
		{7EF0E0EE-2C2D-4818-A4DA-F4DA41045516}.Debug|x64.Build.0 = Debug|x64
		{7EF0E0EE-2C2D-4818-A4DA-F4DA41045516}.Release|x64.ActiveCfg = Release|x64
		{7EF0E0EE-2C2D-4818-A4DA-F4DA41045516}.Release|x64.Build.0 = Release|x64
		{7EF0E0EE-2C2D-4818-A4DA-F4DA41045516}.MinSizeRel|x64.ActiveCfg = MinSizeRel|x64
		{7EF0E0EE-2C2D-4818-A4DA-F4DA41045516}.MinSizeRel|x64.Build.0 = MinSizeRel|x64
		{7EF0E0EE-2C2D-4818-A4DA-F4DA41045516}.RelWithDebInfo|x64.ActiveCfg = RelWithDebInfo|x64
		{7EF0E0EE-2C2D-4818-A4DA-F4DA41045516}.RelWithDebInfo|x64.Build.0 = RelWithDebInfo|x64
		{60FB7D3C-1F77-48B8-812A-7F8D7E92FA3B}.Debug|x64.ActiveCfg = Debug|x64
		{60FB7D3C-1F77-48B8-812A-7F8D7E92FA3B}.Debug|x64.Build.0 = Debug|x64
		{60FB7D3C-1F77-48B8-812A-7F8D7E92FA3B}.Release|x64.ActiveCfg = Release|x64
		{60FB7D3C-1F77-48B8-812A-7F8D7E92FA3B}.Release|x64.Build.0 = Release|x64
		{60FB7D3C-1F77-48B8-812A-7F8D7E92FA3B}.MinSizeRel|x64.ActiveCfg = MinSizeRel|x64
		{60FB7D3C-1F77-48B8-812A-7F8D7E92FA3B}.MinSizeRel|x64.Build.0 = MinSizeRel|x64
		{60FB7D3C-1F77-48B8-812A-7F8D7E92FA3B}.RelWithDebInfo|x64.ActiveCfg = RelWithDebInfo|x64
		{60FB7D3C-1F77-48B8-812A-7F8D7E92FA3B}.RelWithDebInfo|x64.Build.0 = RelWithDebInfo|x64
		{B8001D22-93EB-4458-BBA6-A194943794F3}.Debug|x64.ActiveCfg = Debug|x64
		{B8001D22-93EB-4458-BBA6-A194943794F3}.Debug|x64.Build.0 = Debug|x64
		{B8001D22-93EB-4458-BBA6-A194943794F3}.Release|x64.ActiveCfg = Release|x64
		{B8001D22-93EB-4458-BBA6-A194943794F3}.Release|x64.Build.0 = Release|x64
		{B8001D22-93EB-4458-BBA6-A194943794F3}.MinSizeRel|x64.ActiveCfg = MinSizeRel|x64
		{B8001D22-93EB-4458-BBA6-A194943794F3}.MinSizeRel|x64.Build.0 = MinSizeRel|x64
		{B8001D22-93EB-4458-BBA6-A194943794F3}.RelWithDebInfo|x64.ActiveCfg = RelWithDebInfo|x64
		{B8001D22-93EB-4458-BBA6-A194943794F3}.RelWithDebInfo|x64.Build.0 = RelWithDebInfo|x64
		{3DF18FD5-ED28-48F0-B1D4-1276C254FEA0}.Debug|x64.ActiveCfg = Debug|x64
		{3DF18FD5-ED28-48F0-B1D4-1276C254FEA0}.Debug|x64.Build.0 = Debug|x64
		{3DF18FD5-ED28-48F0-B1D4-1276C254FEA0}.Release|x64.ActiveCfg = Release|x64
		{3DF18FD5-ED28-48F0-B1D4-1276C254FEA0}.Release|x64.Build.0 = Release|x64
		{3DF18FD5-ED28-48F0-B1D4-1276C254FEA0}.MinSizeRel|x64.ActiveCfg = MinSizeRel|x64
		{3DF18FD5-ED28-48F0-B1D4-1276C254FEA0}.MinSizeRel|x64.Build.0 = MinSizeRel|x64
		{3DF18FD5-ED28-48F0-B1D4-1276C254FEA0}.RelWithDebInfo|x64.ActiveCfg = RelWithDebInfo|x64
		{3DF18FD5-ED28-48F0-B1D4-1276C254FEA0}.RelWithDebInfo|x64.Build.0 = RelWithDebInfo|x64
		{0BF4C29C-C360-44EF-B3E7-341DA3EA6552}.Debug|x64.ActiveCfg = Debug|x64
		{0BF4C29C-C360-44EF-B3E7-341DA3EA6552}.Debug|x64.Build.0 = Debug|x64
		{0BF4C29C-C360-44EF-B3E7-341DA3EA6552}.Release|x64.ActiveCfg = Release|x64
		{0BF4C29C-C360-44EF-B3E7-341DA3EA6552}.Release|x64.Build.0 = Release|x64
		{0BF4C29C-C360-44EF-B3E7-341DA3EA6552}.MinSizeRel|x64.ActiveCfg = MinSizeRel|x64
		{0BF4C29C-C360-44EF-B3E7-341DA3EA6552}.MinSizeRel|x64.Build.0 = MinSizeRel|x64
		{0BF4C29C-C360-44EF-B3E7-341DA3EA6552}.RelWithDebInfo|x64.ActiveCfg = RelWithDebInfo|x64
		{0BF4C29C-C360-44EF-B3E7-341DA3EA6552}.RelWithDebInfo|x64.Build.0 = RelWithDebInfo|x64
		{424CA919-616A-4534-8999-A0973FB7AB51}.Debug|x64.ActiveCfg = Debug|x64
		{424CA919-616A-4534-8999-A0973FB7AB51}.Debug|x64.Build.0 = Debug|x64
		{424CA919-616A-4534-8999-A0973FB7AB51}.Release|x64.ActiveCfg = Release|x64
		{424CA919-616A-4534-8999-A0973FB7AB51}.Release|x64.Build.0 = Release|x64
		{424CA919-616A-4534-8999-A0973FB7AB51}.MinSizeRel|x64.ActiveCfg = MinSizeRel|x64
		{424CA919-616A-4534-8999-A0973FB7AB51}.MinSizeRel|x64.Build.0 = MinSizeRel|x64
		{424CA919-616A-4534-8999-A0973FB7AB51}.RelWithDebInfo|x64.ActiveCfg = RelWithDebInfo|x64
		{424CA919-616A-4534-8999-A0973FB7AB51}.RelWithDebInfo|x64.Build.0 = RelWithDebInfo|x64
		{3F4253FD-89E9-43BD-866A-B56AD4004D32}.Debug|x64.ActiveCfg = Debug|x64
		{3F4253FD-89E9-43BD-866A-B56AD4004D32}.Debug|x64.Build.0 = Debug|x64
		{3F4253FD-89E9-43BD-866A-B56AD4004D32}.Release|x64.ActiveCfg = Release|x64
		{3F4253FD-89E9-43BD-866A-B56AD4004D32}.Release|x64.Build.0 = Release|x64
		{3F4253FD-89E9-43BD-866A-B56AD4004D32}.MinSizeRel|x64.ActiveCfg = MinSizeRel|x64
		{3F4253FD-89E9-43BD-866A-B56AD4004D32}.MinSizeRel|x64.Build.0 = MinSizeRel|x64
		{3F4253FD-89E9-43BD-866A-B56AD4004D32}.RelWithDebInfo|x64.ActiveCfg = RelWithDebInfo|x64
		{3F4253FD-89E9-43BD-866A-B56AD4004D32}.RelWithDebInfo|x64.Build.0 = RelWithDebInfo|x64
		{CF9F3DE8-51EF-4452-9598-ED6210262E88}.Debug|x64.ActiveCfg = Debug|x64
		{CF9F3DE8-51EF-4452-9598-ED6210262E88}.Debug|x64.Build.0 = Debug|x64
		{CF9F3DE8-51EF-4452-9598-ED6210262E88}.Release|x64.ActiveCfg = Release|x64
		{CF9F3DE8-51EF-4452-9598-ED6210262E88}.Release|x64.Build.0 = Release|x64
		{CF9F3DE8-51EF-4452-9598-ED6210262E88}.MinSizeRel|x64.ActiveCfg = MinSizeRel|x64
		{CF9F3DE8-51EF-4452-9598-ED6210262E88}.MinSizeRel|x64.Build.0 = MinSizeRel|x64
		{CF9F3DE8-51EF-4452-9598-ED6210262E88}.RelWithDebInfo|x64.ActiveCfg = RelWithDebInfo|x64
		{CF9F3DE8-51EF-4452-9598-ED6210262E88}.RelWithDebInfo|x64.Build.0 = RelWithDebInfo|x64
		{87E2BFBE-21D8-4F1C-A4C3-B223CAEF5519}.Debug|x64.ActiveCfg = Debug|x64
		{87E2BFBE-21D8-4F1C-A4C3-B223CAEF5519}.Debug|x64.Build.0 = Debug|x64
		{87E2BFBE-21D8-4F1C-A4C3-B223CAEF5519}.Release|x64.ActiveCfg = Release|x64
		{87E2BFBE-21D8-4F1C-A4C3-B223CAEF5519}.Release|x64.Build.0 = Release|x64
		{87E2BFBE-21D8-4F1C-A4C3-B223CAEF5519}.MinSizeRel|x64.ActiveCfg = MinSizeRel|x64
		{87E2BFBE-21D8-4F1C-A4C3-B223CAEF5519}.MinSizeRel|x64.Build.0 = MinSizeRel|x64
		{87E2BFBE-21D8-4F1C-A4C3-B223CAEF5519}.RelWithDebInfo|x64.ActiveCfg = RelWithDebInfo|x64
		{87E2BFBE-21D8-4F1C-A4C3-B223CAEF5519}.RelWithDebInfo|x64.Build.0 = RelWithDebInfo|x64
		{4A4F695F-FC90-4F4F-89D8-E385259899DE}.Debug|x64.ActiveCfg = Debug|x64
		{4A4F695F-FC90-4F4F-89D8-E385259899DE}.Debug|x64.Build.0 = Debug|x64
		{4A4F695F-FC90-4F4F-89D8-E385259899DE}.Release|x64.ActiveCfg = Release|x64
		{4A4F695F-FC90-4F4F-89D8-E385259899DE}.Release|x64.Build.0 = Release|x64
		{4A4F695F-FC90-4F4F-89D8-E385259899DE}.MinSizeRel|x64.ActiveCfg = MinSizeRel|x64
		{4A4F695F-FC90-4F4F-89D8-E385259899DE}.MinSizeRel|x64.Build.0 = MinSizeRel|x64
		{4A4F695F-FC90-4F4F-89D8-E385259899DE}.RelWithDebInfo|x64.ActiveCfg = RelWithDebInfo|x64
		{4A4F695F-FC90-4F4F-89D8-E385259899DE}.RelWithDebInfo|x64.Build.0 = RelWithDebInfo|x64
		{F02E5DAE-7C30-4BB8-A063-8372AA8D52B6}.Debug|x64.ActiveCfg = Debug|x64
		{F02E5DAE-7C30-4BB8-A063-8372AA8D52B6}.Debug|x64.Build.0 = Debug|x64
		{F02E5DAE-7C30-4BB8-A063-8372AA8D52B6}.Release|x64.ActiveCfg = Release|x64
		{F02E5DAE-7C30-4BB8-A063-8372AA8D52B6}.Release|x64.Build.0 = Release|x64
		{F02E5DAE-7C30-4BB8-A063-8372AA8D52B6}.MinSizeRel|x64.ActiveCfg = MinSizeRel|x64
		{F02E5DAE-7C30-4BB8-A063-8372AA8D52B6}.MinSizeRel|x64.Build.0 = MinSizeRel|x64
		{F02E5DAE-7C30-4BB8-A063-8372AA8D52B6}.RelWithDebInfo|x64.ActiveCfg = RelWithDebInfo|x64
		{F02E5DAE-7C30-4BB8-A063-8372AA8D52B6}.RelWithDebInfo|x64.Build.0 = RelWithDebInfo|x64
		{440CB031-27F6-4D47-BF35-732A46B11946}.Debug|x64.ActiveCfg = Debug|x64
		{440CB031-27F6-4D47-BF35-732A46B11946}.Debug|x64.Build.0 = Debug|x64
		{440CB031-27F6-4D47-BF35-732A46B11946}.Release|x64.ActiveCfg = Release|x64
		{440CB031-27F6-4D47-BF35-732A46B11946}.Release|x64.Build.0 = Release|x64
		{440CB031-27F6-4D47-BF35-732A46B11946}.MinSizeRel|x64.ActiveCfg = MinSizeRel|x64
		{440CB031-27F6-4D47-BF35-732A46B11946}.MinSizeRel|x64.Build.0 = MinSizeRel|x64
		{440CB031-27F6-4D47-BF35-732A46B11946}.RelWithDebInfo|x64.ActiveCfg = RelWithDebInfo|x64
		{440CB031-27F6-4D47-BF35-732A46B11946}.RelWithDebInfo|x64.Build.0 = RelWithDebInfo|x64
		{C0D67A67-07B2-4ADE-9885-345060A4A4B6}.Debug|x64.ActiveCfg = Debug|x64
		{C0D67A67-07B2-4ADE-9885-345060A4A4B6}.Debug|x64.Build.0 = Debug|x64
		{C0D67A67-07B2-4ADE-9885-345060A4A4B6}.Release|x64.ActiveCfg = Release|x64
		{C0D67A67-07B2-4ADE-9885-345060A4A4B6}.Release|x64.Build.0 = Release|x64
		{C0D67A67-07B2-4ADE-9885-345060A4A4B6}.MinSizeRel|x64.ActiveCfg = MinSizeRel|x64
		{C0D67A67-07B2-4ADE-9885-345060A4A4B6}.MinSizeRel|x64.Build.0 = MinSizeRel|x64
		{C0D67A67-07B2-4ADE-9885-345060A4A4B6}.RelWithDebInfo|x64.ActiveCfg = RelWithDebInfo|x64
		{C0D67A67-07B2-4ADE-9885-345060A4A4B6}.RelWithDebInfo|x64.Build.0 = RelWithDebInfo|x64
		{689F96D8-71E2-4F9E-A8FC-5ADDC04F54FB}.Debug|x64.ActiveCfg = Debug|x64
		{689F96D8-71E2-4F9E-A8FC-5ADDC04F54FB}.Debug|x64.Build.0 = Debug|x64
		{689F96D8-71E2-4F9E-A8FC-5ADDC04F54FB}.Release|x64.ActiveCfg = Release|x64
		{689F96D8-71E2-4F9E-A8FC-5ADDC04F54FB}.Release|x64.Build.0 = Release|x64
		{689F96D8-71E2-4F9E-A8FC-5ADDC04F54FB}.MinSizeRel|x64.ActiveCfg = MinSizeRel|x64
		{689F96D8-71E2-4F9E-A8FC-5ADDC04F54FB}.MinSizeRel|x64.Build.0 = MinSizeRel|x64
		{689F96D8-71E2-4F9E-A8FC-5ADDC04F54FB}.RelWithDebInfo|x64.ActiveCfg = RelWithDebInfo|x64
		{689F96D8-71E2-4F9E-A8FC-5ADDC04F54FB}.RelWithDebInfo|x64.Build.0 = RelWithDebInfo|x64
		{240C5EAE-10A4-4302-B3C5-FD8A6CB1A55E}.Debug|x64.ActiveCfg = Debug|x64
		{240C5EAE-10A4-4302-B3C5-FD8A6CB1A55E}.Debug|x64.Build.0 = Debug|x64
		{240C5EAE-10A4-4302-B3C5-FD8A6CB1A55E}.Release|x64.ActiveCfg = Release|x64
		{240C5EAE-10A4-4302-B3C5-FD8A6CB1A55E}.Release|x64.Build.0 = Release|x64
		{240C5EAE-10A4-4302-B3C5-FD8A6CB1A55E}.MinSizeRel|x64.ActiveCfg = MinSizeRel|x64
		{240C5EAE-10A4-4302-B3C5-FD8A6CB1A55E}.MinSizeRel|x64.Build.0 = MinSizeRel|x64
		{240C5EAE-10A4-4302-B3C5-FD8A6CB1A55E}.RelWithDebInfo|x64.ActiveCfg = RelWithDebInfo|x64
		{240C5EAE-10A4-4302-B3C5-FD8A6CB1A55E}.RelWithDebInfo|x64.Build.0 = RelWithDebInfo|x64
		{024ED06B-8794-4031-A2CC-B7827BE874A8}.Debug|x64.ActiveCfg = Debug|x64
		{024ED06B-8794-4031-A2CC-B7827BE874A8}.Debug|x64.Build.0 = Debug|x64
		{024ED06B-8794-4031-A2CC-B7827BE874A8}.Release|x64.ActiveCfg = Release|x64
		{024ED06B-8794-4031-A2CC-B7827BE874A8}.Release|x64.Build.0 = Release|x64
		{024ED06B-8794-4031-A2CC-B7827BE874A8}.MinSizeRel|x64.ActiveCfg = MinSizeRel|x64
		{024ED06B-8794-4031-A2CC-B7827BE874A8}.MinSizeRel|x64.Build.0 = MinSizeRel|x64
		{024ED06B-8794-4031-A2CC-B7827BE874A8}.RelWithDebInfo|x64.ActiveCfg = RelWithDebInfo|x64
		{024ED06B-8794-4031-A2CC-B7827BE874A8}.RelWithDebInfo|x64.Build.0 = RelWithDebInfo|x64
		{39E7CCDE-C38A-4DBB-A0DB-3ED670C7F9D6}.Debug|x64.ActiveCfg = Debug|x64
		{39E7CCDE-C38A-4DBB-A0DB-3ED670C7F9D6}.Debug|x64.Build.0 = Debug|x64
		{39E7CCDE-C38A-4DBB-A0DB-3ED670C7F9D6}.Release|x64.ActiveCfg = Release|x64
		{39E7CCDE-C38A-4DBB-A0DB-3ED670C7F9D6}.Release|x64.Build.0 = Release|x64
		{39E7CCDE-C38A-4DBB-A0DB-3ED670C7F9D6}.MinSizeRel|x64.ActiveCfg = MinSizeRel|x64
		{39E7CCDE-C38A-4DBB-A0DB-3ED670C7F9D6}.MinSizeRel|x64.Build.0 = MinSizeRel|x64
		{39E7CCDE-C38A-4DBB-A0DB-3ED670C7F9D6}.RelWithDebInfo|x64.ActiveCfg = RelWithDebInfo|x64
		{39E7CCDE-C38A-4DBB-A0DB-3ED670C7F9D6}.RelWithDebInfo|x64.Build.0 = RelWithDebInfo|x64
		{05C34DAE-9254-41EA-91BA-25D60A29FCFA}.Debug|x64.ActiveCfg = Debug|x64
		{05C34DAE-9254-41EA-91BA-25D60A29FCFA}.Debug|x64.Build.0 = Debug|x64
		{05C34DAE-9254-41EA-91BA-25D60A29FCFA}.Release|x64.ActiveCfg = Release|x64
		{05C34DAE-9254-41EA-91BA-25D60A29FCFA}.Release|x64.Build.0 = Release|x64
		{05C34DAE-9254-41EA-91BA-25D60A29FCFA}.MinSizeRel|x64.ActiveCfg = MinSizeRel|x64
		{05C34DAE-9254-41EA-91BA-25D60A29FCFA}.MinSizeRel|x64.Build.0 = MinSizeRel|x64
		{05C34DAE-9254-41EA-91BA-25D60A29FCFA}.RelWithDebInfo|x64.ActiveCfg = RelWithDebInfo|x64
		{05C34DAE-9254-41EA-91BA-25D60A29FCFA}.RelWithDebInfo|x64.Build.0 = RelWithDebInfo|x64
		{54F162EE-9EDD-43B5-886D-472F9DC5F622}.Debug|x64.ActiveCfg = Debug|x64
		{54F162EE-9EDD-43B5-886D-472F9DC5F622}.Debug|x64.Build.0 = Debug|x64
		{54F162EE-9EDD-43B5-886D-472F9DC5F622}.Release|x64.ActiveCfg = Release|x64
		{54F162EE-9EDD-43B5-886D-472F9DC5F622}.Release|x64.Build.0 = Release|x64
		{54F162EE-9EDD-43B5-886D-472F9DC5F622}.MinSizeRel|x64.ActiveCfg = MinSizeRel|x64
		{54F162EE-9EDD-43B5-886D-472F9DC5F622}.MinSizeRel|x64.Build.0 = MinSizeRel|x64
		{54F162EE-9EDD-43B5-886D-472F9DC5F622}.RelWithDebInfo|x64.ActiveCfg = RelWithDebInfo|x64
		{54F162EE-9EDD-43B5-886D-472F9DC5F622}.RelWithDebInfo|x64.Build.0 = RelWithDebInfo|x64
		{967C7335-9EDA-49A6-8814-91A969C73FDF}.Debug|x64.ActiveCfg = Debug|x64
		{967C7335-9EDA-49A6-8814-91A969C73FDF}.Debug|x64.Build.0 = Debug|x64
		{967C7335-9EDA-49A6-8814-91A969C73FDF}.Release|x64.ActiveCfg = Release|x64
		{967C7335-9EDA-49A6-8814-91A969C73FDF}.Release|x64.Build.0 = Release|x64
		{967C7335-9EDA-49A6-8814-91A969C73FDF}.MinSizeRel|x64.ActiveCfg = MinSizeRel|x64
		{967C7335-9EDA-49A6-8814-91A969C73FDF}.MinSizeRel|x64.Build.0 = MinSizeRel|x64
		{967C7335-9EDA-49A6-8814-91A969C73FDF}.RelWithDebInfo|x64.ActiveCfg = RelWithDebInfo|x64
		{967C7335-9EDA-49A6-8814-91A969C73FDF}.RelWithDebInfo|x64.Build.0 = RelWithDebInfo|x64
		{E2442ADE-2077-4B01-BF4B-A64469E7AE26}.Debug|x64.ActiveCfg = Debug|x64
		{E2442ADE-2077-4B01-BF4B-A64469E7AE26}.Debug|x64.Build.0 = Debug|x64
		{E2442ADE-2077-4B01-BF4B-A64469E7AE26}.Release|x64.ActiveCfg = Release|x64
		{E2442ADE-2077-4B01-BF4B-A64469E7AE26}.Release|x64.Build.0 = Release|x64
		{E2442ADE-2077-4B01-BF4B-A64469E7AE26}.MinSizeRel|x64.ActiveCfg = MinSizeRel|x64
		{E2442ADE-2077-4B01-BF4B-A64469E7AE26}.MinSizeRel|x64.Build.0 = MinSizeRel|x64
		{E2442ADE-2077-4B01-BF4B-A64469E7AE26}.RelWithDebInfo|x64.ActiveCfg = RelWithDebInfo|x64
		{E2442ADE-2077-4B01-BF4B-A64469E7AE26}.RelWithDebInfo|x64.Build.0 = RelWithDebInfo|x64
		{53B79BD3-8150-4E9A-8AF9-3623F9D2F703}.Debug|x64.ActiveCfg = Debug|x64
		{53B79BD3-8150-4E9A-8AF9-3623F9D2F703}.Debug|x64.Build.0 = Debug|x64
		{53B79BD3-8150-4E9A-8AF9-3623F9D2F703}.Release|x64.ActiveCfg = Release|x64
		{53B79BD3-8150-4E9A-8AF9-3623F9D2F703}.Release|x64.Build.0 = Release|x64
		{53B79BD3-8150-4E9A-8AF9-3623F9D2F703}.MinSizeRel|x64.ActiveCfg = MinSizeRel|x64
		{53B79BD3-8150-4E9A-8AF9-3623F9D2F703}.MinSizeRel|x64.Build.0 = MinSizeRel|x64
		{53B79BD3-8150-4E9A-8AF9-3623F9D2F703}.RelWithDebInfo|x64.ActiveCfg = RelWithDebInfo|x64
		{53B79BD3-8150-4E9A-8AF9-3623F9D2F703}.RelWithDebInfo|x64.Build.0 = RelWithDebInfo|x64
		{AA961A78-58D9-4BEC-93DC-AEADD4C987E1}.Debug|x64.ActiveCfg = Debug|x64
		{AA961A78-58D9-4BEC-93DC-AEADD4C987E1}.Debug|x64.Build.0 = Debug|x64
		{AA961A78-58D9-4BEC-93DC-AEADD4C987E1}.Release|x64.ActiveCfg = Release|x64
		{AA961A78-58D9-4BEC-93DC-AEADD4C987E1}.Release|x64.Build.0 = Release|x64
		{AA961A78-58D9-4BEC-93DC-AEADD4C987E1}.MinSizeRel|x64.ActiveCfg = MinSizeRel|x64
		{AA961A78-58D9-4BEC-93DC-AEADD4C987E1}.MinSizeRel|x64.Build.0 = MinSizeRel|x64
		{AA961A78-58D9-4BEC-93DC-AEADD4C987E1}.RelWithDebInfo|x64.ActiveCfg = RelWithDebInfo|x64
		{AA961A78-58D9-4BEC-93DC-AEADD4C987E1}.RelWithDebInfo|x64.Build.0 = RelWithDebInfo|x64
		{6F9E8EEC-ED38-4152-8CD7-BB876B6F8331}.Debug|x64.ActiveCfg = Debug|x64
		{6F9E8EEC-ED38-4152-8CD7-BB876B6F8331}.Debug|x64.Build.0 = Debug|x64
		{6F9E8EEC-ED38-4152-8CD7-BB876B6F8331}.Release|x64.ActiveCfg = Release|x64
		{6F9E8EEC-ED38-4152-8CD7-BB876B6F8331}.Release|x64.Build.0 = Release|x64
		{6F9E8EEC-ED38-4152-8CD7-BB876B6F8331}.MinSizeRel|x64.ActiveCfg = MinSizeRel|x64
		{6F9E8EEC-ED38-4152-8CD7-BB876B6F8331}.MinSizeRel|x64.Build.0 = MinSizeRel|x64
		{6F9E8EEC-ED38-4152-8CD7-BB876B6F8331}.RelWithDebInfo|x64.ActiveCfg = RelWithDebInfo|x64
		{6F9E8EEC-ED38-4152-8CD7-BB876B6F8331}.RelWithDebInfo|x64.Build.0 = RelWithDebInfo|x64
		{681B162F-DA34-4800-9A0B-2E52A3E06433}.Debug|x64.ActiveCfg = Debug|x64
		{681B162F-DA34-4800-9A0B-2E52A3E06433}.Debug|x64.Build.0 = Debug|x64
		{681B162F-DA34-4800-9A0B-2E52A3E06433}.Release|x64.ActiveCfg = Release|x64
		{681B162F-DA34-4800-9A0B-2E52A3E06433}.Release|x64.Build.0 = Release|x64
		{681B162F-DA34-4800-9A0B-2E52A3E06433}.MinSizeRel|x64.ActiveCfg = MinSizeRel|x64
		{681B162F-DA34-4800-9A0B-2E52A3E06433}.MinSizeRel|x64.Build.0 = MinSizeRel|x64
		{681B162F-DA34-4800-9A0B-2E52A3E06433}.RelWithDebInfo|x64.ActiveCfg = RelWithDebInfo|x64
		{681B162F-DA34-4800-9A0B-2E52A3E06433}.RelWithDebInfo|x64.Build.0 = RelWithDebInfo|x64
	EndGlobalSection
	GlobalSection(ExtensibilityGlobals) = postSolution
	EndGlobalSection
	GlobalSection(ExtensibilityAddIns) = postSolution
	EndGlobalSection
EndGlobal
