<?xml version="1.0" encoding="utf-8"?>
<Project ToolsVersion="4.0" xmlns="http://schemas.microsoft.com/developer/msbuild/2003">
  <ItemGroup>
    <ClCompile Include="caffe.pb.cc">
      <Filter>Source Files</Filter>
    </ClCompile>
    <ClCompile Include="caffe_pretty_print.pb.cc">
      <Filter>Source Files</Filter>
    </ClCompile>
  </ItemGroup>
  <ItemGroup>
    <ClInclude Include="caffe.pb.h">
      <Filter>Header Files</Filter>
    </ClInclude>
    <ClInclude Include="caffe_pretty_print.pb.h">
      <Filter>Header Files</Filter>
    </ClInclude>
  </ItemGroup>
  <ItemGroup>
    <CustomBuild Include="..\..\..\..\src\caffe\proto\CMakeLists.txt" />
    <CustomBuild Include="..\..\..\CMakeFiles\3a01e2a8d27a45fd2350af2c69858d17\caffe.pb.cc.rule">
      <Filter>CMake Rules</Filter>
    </CustomBuild>
    <CustomBuild Include="..\..\..\CMakeFiles\3a01e2a8d27a45fd2350af2c69858d17\caffe_pretty_print.pb.cc.rule">
      <Filter>CMake Rules</Filter>
    </CustomBuild>
  </ItemGroup>
  <ItemGroup>
    <Filter Include="Source Files">
      <UniqueIdentifier>{52B61437-C31F-4CD5-A690-D612460BAB9E}</UniqueIdentifier>
    </Filter>
    <Filter Include="Header Files">
      <UniqueIdentifier>{DC108A6B-D60F-4FD4-A32E-AE9130289219}</UniqueIdentifier>
    </Filter>
    <Filter Include="CMake Rules">
      <UniqueIdentifier>{8D34E351-E689-4241-BCE6-8337891A793B}</UniqueIdentifier>
    </Filter>
  </ItemGroup>
</Project>
